Microsoft Visual Studio Solution File, Format Version 12.00
# Visual Studio 22
Project("{FAE04EC0-301F-11D3-BF4B-00C04F79EFBC}") = "OpenSim", "OpenSim/Region/Application/OpenSim.csproj", "{FA4E1AA3-0000-0000-0000-000000000000}"
EndProject
Project("{FAE04EC0-301F-11D3-BF4B-00C04F79EFBC}") = "OpenSim.Addons.Groups", "OpenSim/Addons/Groups/OpenSim.Addons.Groups.csproj", "{070BB1B3-0000-0000-0000-000000000000}"
EndProject
Project("{FAE04EC0-301F-11D3-BF4B-00C04F79EFBC}") = "OpenSim.Addons.OfflineIM", "OpenSim/Addons/OfflineIM/OpenSim.Addons.OfflineIM.csproj", "{C8605A9A-0000-0000-0000-000000000000}"
EndProject
Project("{FAE04EC0-301F-11D3-BF4B-00C04F79EFBC}") = "OpenSim.ApplicationPlugins.LoadRegions", "OpenSim/ApplicationPlugins/LoadRegions/OpenSim.ApplicationPlugins.LoadRegions.csproj", "{0F9479A4-0000-0000-0000-000000000000}"
EndProject
Project("{FAE04EC0-301F-11D3-BF4B-00C04F79EFBC}") = "OpenSim.ApplicationPlugins.RegionModulesController", "OpenSim/ApplicationPlugins/RegionModulesController/OpenSim.ApplicationPlugins.RegionModulesController.csproj", "{B33769B0-0000-0000-0000-000000000000}"
EndProject
Project("{FAE04EC0-301F-11D3-BF4B-00C04F79EFBC}") = "OpenSim.ApplicationPlugins.RemoteController", "OpenSim/ApplicationPlugins/RemoteController/OpenSim.ApplicationPlugins.RemoteController.csproj", "{0EBDCCAD-0000-0000-0000-000000000000}"
EndProject
Project("{FAE04EC0-301F-11D3-BF4B-00C04F79EFBC}") = "OpenSim.Capabilities", "OpenSim/Capabilities/OpenSim.Capabilities.csproj", "{4950AEA2-0000-0000-0000-000000000000}"
EndProject
Project("{FAE04EC0-301F-11D3-BF4B-00C04F79EFBC}") = "OpenSim.Capabilities.Handlers", "OpenSim/Capabilities/Handlers/OpenSim.Capabilities.Handlers.csproj", "{FE7BCAF2-0000-0000-0000-000000000000}"
EndProject
Project("{FAE04EC0-301F-11D3-BF4B-00C04F79EFBC}") = "OpenSim.ConsoleClient", "OpenSim/ConsoleClient/OpenSim.ConsoleClient.csproj", "{B79ADF5A-0000-0000-0000-000000000000}"
EndProject
Project("{FAE04EC0-301F-11D3-BF4B-00C04F79EFBC}") = "OpenSim.Data", "OpenSim/Data/OpenSim.Data.csproj", "{328C4A63-0000-0000-0000-000000000000}"
EndProject
Project("{FAE04EC0-301F-11D3-BF4B-00C04F79EFBC}") = "OpenSim.Data.MySQL", "OpenSim/Data/MySQL/OpenSim.Data.MySQL.csproj", "{E9FF3421-0000-0000-0000-000000000000}"
EndProject
Project("{FAE04EC0-301F-11D3-BF4B-00C04F79EFBC}") = "OpenSim.Data.Null", "OpenSim/Data/Null/OpenSim.Data.Null.csproj", "{29367BC5-0000-0000-0000-000000000000}"
EndProject
Project("{FAE04EC0-301F-11D3-BF4B-00C04F79EFBC}") = "OpenSim.Data.PGSQL", "OpenSim/Data/PGSQL/OpenSim.Data.PGSQL.csproj", "{F719A08F-0000-0000-0000-000000000000}"
EndProject
Project("{FAE04EC0-301F-11D3-BF4B-00C04F79EFBC}") = "OpenSim.Data.SQLite", "OpenSim/Data/SQLite/OpenSim.Data.SQLite.csproj", "{45BE6ED6-0000-0000-0000-000000000000}"
EndProject
Project("{FAE04EC0-301F-11D3-BF4B-00C04F79EFBC}") = "OpenSim.Framework", "OpenSim/Framework/OpenSim.Framework.csproj", "{CECC9336-0000-0000-0000-000000000000}"
EndProject
Project("{FAE04EC0-301F-11D3-BF4B-00C04F79EFBC}") = "OpenSim.Framework.AssetLoader.Filesystem", "OpenSim/Framework/AssetLoader/Filesystem/OpenSim.Framework.AssetLoader.Filesystem.csproj", "{B0FD8AA6-0000-0000-0000-000000000000}"
EndProject
Project("{FAE04EC0-301F-11D3-BF4B-00C04F79EFBC}") = "OpenSim.Framework.Console", "OpenSim/Framework/Console/OpenSim.Framework.Console.csproj", "{BAAB866F-0000-0000-0000-000000000000}"
EndProject
Project("{FAE04EC0-301F-11D3-BF4B-00C04F79EFBC}") = "OpenSim.Framework.Monitoring", "OpenSim/Framework/Monitoring/OpenSim.Framework.Monitoring.csproj", "{41218AFF-0000-0000-0000-000000000000}"
EndProject
Project("{FAE04EC0-301F-11D3-BF4B-00C04F79EFBC}") = "OpenSim.Framework.Serialization", "OpenSim/Framework/Serialization/OpenSim.Framework.Serialization.csproj", "{825EA47C-0000-0000-0000-000000000000}"
EndProject
Project("{FAE04EC0-301F-11D3-BF4B-00C04F79EFBC}") = "OpenSim.Framework.Servers", "OpenSim/Framework/Servers/OpenSim.Framework.Servers.csproj", "{FA3A4206-0000-0000-0000-000000000000}"
EndProject
Project("{FAE04EC0-301F-11D3-BF4B-00C04F79EFBC}") = "OpenSim.Framework.Servers.HttpServer", "OpenSim/Framework/Servers/HttpServer/OpenSim.Framework.Servers.HttpServer.csproj", "{27A5E642-0000-0000-0000-000000000000}"
EndProject
Project("{FAE04EC0-301F-11D3-BF4B-00C04F79EFBC}") = "OpenSim.Modules.Currency", "addon-modules/akkimoney_module/Modules/OpenSim.Modules.Currency.csproj", "{362B664A-0000-0000-0000-000000000000}"
EndProject
Project("{FAE04EC0-301F-11D3-BF4B-00C04F79EFBC}") = "OpenSim.Region.ClientStack.LindenCaps", "OpenSim/Region/ClientStack/Linden/Caps/OpenSim.Region.ClientStack.LindenCaps.csproj", "{86B5E33F-0000-0000-0000-000000000000}"
EndProject
Project("{FAE04EC0-301F-11D3-BF4B-00C04F79EFBC}") = "OpenSim.Region.ClientStack.LindenUDP", "OpenSim/Region/ClientStack/Linden/UDP/OpenSim.Region.ClientStack.LindenUDP.csproj", "{00622BBB-0000-0000-0000-000000000000}"
EndProject
Project("{FAE04EC0-301F-11D3-BF4B-00C04F79EFBC}") = "OpenSim.Region.CoreModules", "OpenSim/Region/CoreModules/OpenSim.Region.CoreModules.csproj", "{89E61A9F-0000-0000-0000-000000000000}"
EndProject
Project("{FAE04EC0-301F-11D3-BF4B-00C04F79EFBC}") = "OpenSim.Region.Framework", "OpenSim/Region/Framework/OpenSim.Region.Framework.csproj", "{15F5FA69-0000-0000-0000-000000000000}"
EndProject
Project("{FAE04EC0-301F-11D3-BF4B-00C04F79EFBC}") = "OpenSim.Region.OptionalModules", "OpenSim/Region/OptionalModules/OpenSim.Region.OptionalModules.csproj", "{598ECD0A-0000-0000-0000-000000000000}"
EndProject
Project("{FAE04EC0-301F-11D3-BF4B-00C04F79EFBC}") = "OpenSim.Region.PhysicsModule.BasicPhysics", "OpenSim/Region/PhysicsModules/BasicPhysics/OpenSim.Region.PhysicsModule.BasicPhysics.csproj", "{8087547A-0000-0000-0000-000000000000}"
EndProject
Project("{FAE04EC0-301F-11D3-BF4B-00C04F79EFBC}") = "OpenSim.Region.PhysicsModule.BulletS", "OpenSim/Region/PhysicsModules/BulletS/OpenSim.Region.PhysicsModule.BulletS.csproj", "{51EB24AA-0000-0000-0000-000000000000}"
EndProject
Project("{FAE04EC0-301F-11D3-BF4B-00C04F79EFBC}") = "OpenSim.Region.PhysicsModule.Meshing", "OpenSim/Region/PhysicsModules/Meshing/OpenSim.Region.PhysicsModule.Meshing.csproj", "{6B48B91D-0000-0000-0000-000000000000}"
EndProject
Project("{FAE04EC0-301F-11D3-BF4B-00C04F79EFBC}") = "OpenSim.Region.PhysicsModule.POS", "OpenSim/Region/PhysicsModules/POS/OpenSim.Region.PhysicsModule.POS.csproj", "{388CFDED-0000-0000-0000-000000000000}"
EndProject
Project("{FAE04EC0-301F-11D3-BF4B-00C04F79EFBC}") = "OpenSim.Region.PhysicsModule.ubOde", "OpenSim/Region/PhysicsModules/ubOde/OpenSim.Region.PhysicsModule.ubOde.csproj", "{1FA4AEB3-0000-0000-0000-000000000000}"
EndProject
Project("{FAE04EC0-301F-11D3-BF4B-00C04F79EFBC}") = "OpenSim.Region.PhysicsModule.ubOdeMeshing", "OpenSim/Region/PhysicsModules/ubOdeMeshing/OpenSim.Region.PhysicsModule.ubOdeMeshing.csproj", "{70064E32-0000-0000-0000-000000000000}"
EndProject
Project("{FAE04EC0-301F-11D3-BF4B-00C04F79EFBC}") = "OpenSim.Region.PhysicsModules.ConvexDecompositionDotNet", "OpenSim/Region/PhysicsModules/ConvexDecompositionDotNet/OpenSim.Region.PhysicsModules.ConvexDecompositionDotNet.csproj", "{C82CBD70-0000-0000-0000-000000000000}"
EndProject
Project("{FAE04EC0-301F-11D3-BF4B-00C04F79EFBC}") = "OpenSim.Region.PhysicsModules.SharedBase", "OpenSim/Region/PhysicsModules/SharedBase/OpenSim.Region.PhysicsModules.SharedBase.csproj", "{BA0ACF10-0000-0000-0000-000000000000}"
EndProject
Project("{FAE04EC0-301F-11D3-BF4B-00C04F79EFBC}") = "OpenSim.Region.ScriptEngine.Shared", "OpenSim/Region/ScriptEngine/Shared/OpenSim.Region.ScriptEngine.Shared.csproj", "{086033D6-0000-0000-0000-000000000000}"
EndProject
Project("{FAE04EC0-301F-11D3-BF4B-00C04F79EFBC}") = "OpenSim.Region.ScriptEngine.Shared.Api", "OpenSim/Region/ScriptEngine/Shared/Api/Implementation/OpenSim.Region.ScriptEngine.Shared.Api.csproj", "{1B55C450-0000-0000-0000-000000000000}"
EndProject
Project("{FAE04EC0-301F-11D3-BF4B-00C04F79EFBC}") = "OpenSim.Region.ScriptEngine.Shared.Api.Runtime", "OpenSim/Region/ScriptEngine/Shared/Api/Runtime/OpenSim.Region.ScriptEngine.Shared.Api.Runtime.csproj", "{102431CB-0000-0000-0000-000000000000}"
EndProject
Project("{FAE04EC0-301F-11D3-BF4B-00C04F79EFBC}") = "OpenSim.Region.ScriptEngine.YEngine", "OpenSim/Region/ScriptEngine/YEngine/OpenSim.Region.ScriptEngine.YEngine.csproj", "{CA2E4206-0000-0000-0000-000000000000}"
EndProject
Project("{FAE04EC0-301F-11D3-BF4B-00C04F79EFBC}") = "OpenSim.Server.Base", "OpenSim/Server/Base/OpenSim.Server.Base.csproj", "{13832DF0-0000-0000-0000-000000000000}"
EndProject
Project("{FAE04EC0-301F-11D3-BF4B-00C04F79EFBC}") = "OpenSim.Server.Handlers", "OpenSim/Server/Handlers/OpenSim.Server.Handlers.csproj", "{CE02189D-0000-0000-0000-000000000000}"
EndProject
Project("{FAE04EC0-301F-11D3-BF4B-00C04F79EFBC}") = "OpenSim.Services.AssetService", "OpenSim/Services/AssetService/OpenSim.Services.AssetService.csproj", "{139D3C73-0000-0000-0000-000000000000}"
EndProject
Project("{FAE04EC0-301F-11D3-BF4B-00C04F79EFBC}") = "OpenSim.Services.AuthenticationService", "OpenSim/Services/AuthenticationService/OpenSim.Services.AuthenticationService.csproj", "{433AF017-0000-0000-0000-000000000000}"
EndProject
Project("{FAE04EC0-301F-11D3-BF4B-00C04F79EFBC}") = "OpenSim.Services.AuthorizationService", "OpenSim/Services/AuthorizationService/OpenSim.Services.AuthorizationService.csproj", "{CF8D2326-0000-0000-0000-000000000000}"
EndProject
Project("{FAE04EC0-301F-11D3-BF4B-00C04F79EFBC}") = "OpenSim.Services.AvatarService", "OpenSim/Services/AvatarService/OpenSim.Services.AvatarService.csproj", "{9FCF4D96-0000-0000-0000-000000000000}"
EndProject
Project("{FAE04EC0-301F-11D3-BF4B-00C04F79EFBC}") = "OpenSim.Services.Base", "OpenSim/Services/Base/OpenSim.Services.Base.csproj", "{80AA13C1-0000-0000-0000-000000000000}"
EndProject
Project("{FAE04EC0-301F-11D3-BF4B-00C04F79EFBC}") = "OpenSim.Services.Connectors", "OpenSim/Services/Connectors/OpenSim.Services.Connectors.csproj", "{20A1BC1F-0000-0000-0000-000000000000}"
EndProject
Project("{FAE04EC0-301F-11D3-BF4B-00C04F79EFBC}") = "OpenSim.Services.EstateService", "OpenSim/Services/EstateService/OpenSim.Services.EstateService.csproj", "{95B4DD0B-0000-0000-0000-000000000000}"
EndProject
Project("{FAE04EC0-301F-11D3-BF4B-00C04F79EFBC}") = "OpenSim.Services.FreeswitchService", "OpenSim/Services/FreeswitchService/OpenSim.Services.FreeswitchService.csproj", "{8AF96813-0000-0000-0000-000000000000}"
EndProject
Project("{FAE04EC0-301F-11D3-BF4B-00C04F79EFBC}") = "OpenSim.Services.FriendsService", "OpenSim/Services/Friends/OpenSim.Services.FriendsService.csproj", "{801A53D3-0000-0000-0000-000000000000}"
EndProject
Project("{FAE04EC0-301F-11D3-BF4B-00C04F79EFBC}") = "OpenSim.Services.FSAssetService", "OpenSim/Services/FSAssetService/OpenSim.Services.FSAssetService.csproj", "{47E4E8AB-0000-0000-0000-000000000000}"
EndProject
Project("{FAE04EC0-301F-11D3-BF4B-00C04F79EFBC}") = "OpenSim.Services.GridService", "OpenSim/Services/GridService/OpenSim.Services.GridService.csproj", "{42934988-0000-0000-0000-000000000000}"
EndProject
Project("{FAE04EC0-301F-11D3-BF4B-00C04F79EFBC}") = "OpenSim.Services.HypergridService", "OpenSim/Services/HypergridService/OpenSim.Services.HypergridService.csproj", "{FDB63900-0000-0000-0000-000000000000}"
EndProject
Project("{FAE04EC0-301F-11D3-BF4B-00C04F79EFBC}") = "OpenSim.Services.Interfaces", "OpenSim/Services/Interfaces/OpenSim.Services.Interfaces.csproj", "{83D05935-0000-0000-0000-000000000000}"
EndProject
Project("{FAE04EC0-301F-11D3-BF4B-00C04F79EFBC}") = "OpenSim.Services.InventoryService", "OpenSim/Services/InventoryService/OpenSim.Services.InventoryService.csproj", "{843948F7-0000-0000-0000-000000000000}"
EndProject
Project("{FAE04EC0-301F-11D3-BF4B-00C04F79EFBC}") = "OpenSim.Services.LLLoginService", "OpenSim/Services/LLLoginService/OpenSim.Services.LLLoginService.csproj", "{9EFE8E68-0000-0000-0000-000000000000}"
EndProject
Project("{FAE04EC0-301F-11D3-BF4B-00C04F79EFBC}") = "OpenSim.Services.MapImageService", "OpenSim/Services/MapImageService/OpenSim.Services.MapImageService.csproj", "{B0F1B009-0000-0000-0000-000000000000}"
EndProject
Project("{FAE04EC0-301F-11D3-BF4B-00C04F79EFBC}") = "OpenSim.Services.MuteListService", "OpenSim/Services/MuteListService/OpenSim.Services.MuteListService.csproj", "{AC1C2810-0000-0000-0000-000000000000}"
EndProject
Project("{FAE04EC0-301F-11D3-BF4B-00C04F79EFBC}") = "OpenSim.Services.PresenceService", "OpenSim/Services/PresenceService/OpenSim.Services.PresenceService.csproj", "{346A3D72-0000-0000-0000-000000000000}"
EndProject
Project("{FAE04EC0-301F-11D3-BF4B-00C04F79EFBC}") = "OpenSim.Services.SimulationService", "OpenSim/Services/SimulationService/OpenSim.Services.SimulationService.csproj", "{B0818796-0000-0000-0000-000000000000}"
EndProject
Project("{FAE04EC0-301F-11D3-BF4B-00C04F79EFBC}") = "OpenSim.Services.UserAccountService", "OpenSim/Services/UserAccountService/OpenSim.Services.UserAccountService.csproj", "{AF24D77A-0000-0000-0000-000000000000}"
EndProject
Project("{FAE04EC0-301F-11D3-BF4B-00C04F79EFBC}") = "OpenSim.Services.UserProfilesService", "OpenSim/Services/UserProfilesService/OpenSim.Services.UserProfilesService.csproj", "{B4C05A40-0000-0000-0000-000000000000}"
EndProject
Project("{FAE04EC0-301F-11D3-BF4B-00C04F79EFBC}") = "OpenSim.Tools.Configger", "OpenSim/Tools/Configger/OpenSim.Tools.Configger.csproj", "{0B8D844C-0000-0000-0000-000000000000}"
EndProject
Project("{FAE04EC0-301F-11D3-BF4B-00C04F79EFBC}") = "pCampBot", "OpenSim/Tools/pCampBot/pCampBot.csproj", "{84888427-0000-0000-0000-000000000000}"
EndProject
Project("{FAE04EC0-301F-11D3-BF4B-00C04F79EFBC}") = "Robust", "OpenSim/Server/Robust.csproj", "{0589AE5E-0000-0000-0000-000000000000}"
EndProject
Project("{FAE04EC0-301F-11D3-BF4B-00C04F79EFBC}") = "SmartThreadPool", "ThirdParty/SmartThreadPool/SmartThreadPool.csproj", "{9683A640-0000-0000-0000-000000000000}"
EndProject
Project("{FAE04EC0-301F-11D3-BF4B-00C04F79EFBC}") = "ThreadedClasses", "ThirdParty/ThreadedClasses/ThreadedClasses.csproj", "{81FDADE0-0000-0000-0000-000000000000}"
EndProject
Global
	GlobalSection(SolutionConfigurationPlatforms) = preSolution
		Debug|Any CPU = Debug|Any CPU
		Release|Any CPU = Release|Any CPU
	EndGlobalSection
	GlobalSection(ProjectConfigurationPlatforms) = postSolution
		{FA4E1AA3-0000-0000-0000-000000000000}.Debug|Any CPU.ActiveCfg = Debug|Any CPU
		{FA4E1AA3-0000-0000-0000-000000000000}.Debug|Any CPU.Build.0 = Debug|Any CPU
		{FA4E1AA3-0000-0000-0000-000000000000}.Release|Any CPU.ActiveCfg = Release|Any CPU
		{FA4E1AA3-0000-0000-0000-000000000000}.Release|Any CPU.Build.0 = Release|Any CPU
		{070BB1B3-0000-0000-0000-000000000000}.Debug|Any CPU.ActiveCfg = Debug|Any CPU
		{070BB1B3-0000-0000-0000-000000000000}.Debug|Any CPU.Build.0 = Debug|Any CPU
		{070BB1B3-0000-0000-0000-000000000000}.Release|Any CPU.ActiveCfg = Release|Any CPU
		{070BB1B3-0000-0000-0000-000000000000}.Release|Any CPU.Build.0 = Release|Any CPU
		{C8605A9A-0000-0000-0000-000000000000}.Debug|Any CPU.ActiveCfg = Debug|Any CPU
		{C8605A9A-0000-0000-0000-000000000000}.Debug|Any CPU.Build.0 = Debug|Any CPU
		{C8605A9A-0000-0000-0000-000000000000}.Release|Any CPU.ActiveCfg = Release|Any CPU
		{C8605A9A-0000-0000-0000-000000000000}.Release|Any CPU.Build.0 = Release|Any CPU
		{0F9479A4-0000-0000-0000-000000000000}.Debug|Any CPU.ActiveCfg = Debug|Any CPU
		{0F9479A4-0000-0000-0000-000000000000}.Debug|Any CPU.Build.0 = Debug|Any CPU
		{0F9479A4-0000-0000-0000-000000000000}.Release|Any CPU.ActiveCfg = Release|Any CPU
		{0F9479A4-0000-0000-0000-000000000000}.Release|Any CPU.Build.0 = Release|Any CPU
		{B33769B0-0000-0000-0000-000000000000}.Debug|Any CPU.ActiveCfg = Debug|Any CPU
		{B33769B0-0000-0000-0000-000000000000}.Debug|Any CPU.Build.0 = Debug|Any CPU
		{B33769B0-0000-0000-0000-000000000000}.Release|Any CPU.ActiveCfg = Release|Any CPU
		{B33769B0-0000-0000-0000-000000000000}.Release|Any CPU.Build.0 = Release|Any CPU
		{0EBDCCAD-0000-0000-0000-000000000000}.Debug|Any CPU.ActiveCfg = Debug|Any CPU
		{0EBDCCAD-0000-0000-0000-000000000000}.Debug|Any CPU.Build.0 = Debug|Any CPU
		{0EBDCCAD-0000-0000-0000-000000000000}.Release|Any CPU.ActiveCfg = Release|Any CPU
		{0EBDCCAD-0000-0000-0000-000000000000}.Release|Any CPU.Build.0 = Release|Any CPU
		{4950AEA2-0000-0000-0000-000000000000}.Debug|Any CPU.ActiveCfg = Debug|Any CPU
		{4950AEA2-0000-0000-0000-000000000000}.Debug|Any CPU.Build.0 = Debug|Any CPU
		{4950AEA2-0000-0000-0000-000000000000}.Release|Any CPU.ActiveCfg = Release|Any CPU
		{4950AEA2-0000-0000-0000-000000000000}.Release|Any CPU.Build.0 = Release|Any CPU
		{FE7BCAF2-0000-0000-0000-000000000000}.Debug|Any CPU.ActiveCfg = Debug|Any CPU
		{FE7BCAF2-0000-0000-0000-000000000000}.Debug|Any CPU.Build.0 = Debug|Any CPU
		{FE7BCAF2-0000-0000-0000-000000000000}.Release|Any CPU.ActiveCfg = Release|Any CPU
		{FE7BCAF2-0000-0000-0000-000000000000}.Release|Any CPU.Build.0 = Release|Any CPU
		{B79ADF5A-0000-0000-0000-000000000000}.Debug|Any CPU.ActiveCfg = Debug|Any CPU
		{B79ADF5A-0000-0000-0000-000000000000}.Debug|Any CPU.Build.0 = Debug|Any CPU
		{B79ADF5A-0000-0000-0000-000000000000}.Release|Any CPU.ActiveCfg = Release|Any CPU
		{B79ADF5A-0000-0000-0000-000000000000}.Release|Any CPU.Build.0 = Release|Any CPU
		{328C4A63-0000-0000-0000-000000000000}.Debug|Any CPU.ActiveCfg = Debug|Any CPU
		{328C4A63-0000-0000-0000-000000000000}.Debug|Any CPU.Build.0 = Debug|Any CPU
		{328C4A63-0000-0000-0000-000000000000}.Release|Any CPU.ActiveCfg = Release|Any CPU
		{328C4A63-0000-0000-0000-000000000000}.Release|Any CPU.Build.0 = Release|Any CPU
		{E9FF3421-0000-0000-0000-000000000000}.Debug|Any CPU.ActiveCfg = Debug|Any CPU
		{E9FF3421-0000-0000-0000-000000000000}.Debug|Any CPU.Build.0 = Debug|Any CPU
		{E9FF3421-0000-0000-0000-000000000000}.Release|Any CPU.ActiveCfg = Release|Any CPU
		{E9FF3421-0000-0000-0000-000000000000}.Release|Any CPU.Build.0 = Release|Any CPU
		{29367BC5-0000-0000-0000-000000000000}.Debug|Any CPU.ActiveCfg = Debug|Any CPU
		{29367BC5-0000-0000-0000-000000000000}.Debug|Any CPU.Build.0 = Debug|Any CPU
		{29367BC5-0000-0000-0000-000000000000}.Release|Any CPU.ActiveCfg = Release|Any CPU
		{29367BC5-0000-0000-0000-000000000000}.Release|Any CPU.Build.0 = Release|Any CPU
		{F719A08F-0000-0000-0000-000000000000}.Debug|Any CPU.ActiveCfg = Debug|Any CPU
		{F719A08F-0000-0000-0000-000000000000}.Debug|Any CPU.Build.0 = Debug|Any CPU
		{F719A08F-0000-0000-0000-000000000000}.Release|Any CPU.ActiveCfg = Release|Any CPU
		{F719A08F-0000-0000-0000-000000000000}.Release|Any CPU.Build.0 = Release|Any CPU
		{45BE6ED6-0000-0000-0000-000000000000}.Debug|Any CPU.ActiveCfg = Debug|Any CPU
		{45BE6ED6-0000-0000-0000-000000000000}.Debug|Any CPU.Build.0 = Debug|Any CPU
		{45BE6ED6-0000-0000-0000-000000000000}.Release|Any CPU.ActiveCfg = Release|Any CPU
		{45BE6ED6-0000-0000-0000-000000000000}.Release|Any CPU.Build.0 = Release|Any CPU
		{CECC9336-0000-0000-0000-000000000000}.Debug|Any CPU.ActiveCfg = Debug|Any CPU
		{CECC9336-0000-0000-0000-000000000000}.Debug|Any CPU.Build.0 = Debug|Any CPU
		{CECC9336-0000-0000-0000-000000000000}.Release|Any CPU.ActiveCfg = Release|Any CPU
		{CECC9336-0000-0000-0000-000000000000}.Release|Any CPU.Build.0 = Release|Any CPU
		{B0FD8AA6-0000-0000-0000-000000000000}.Debug|Any CPU.ActiveCfg = Debug|Any CPU
		{B0FD8AA6-0000-0000-0000-000000000000}.Debug|Any CPU.Build.0 = Debug|Any CPU
		{B0FD8AA6-0000-0000-0000-000000000000}.Release|Any CPU.ActiveCfg = Release|Any CPU
		{B0FD8AA6-0000-0000-0000-000000000000}.Release|Any CPU.Build.0 = Release|Any CPU
		{BAAB866F-0000-0000-0000-000000000000}.Debug|Any CPU.ActiveCfg = Debug|Any CPU
		{BAAB866F-0000-0000-0000-000000000000}.Debug|Any CPU.Build.0 = Debug|Any CPU
		{BAAB866F-0000-0000-0000-000000000000}.Release|Any CPU.ActiveCfg = Release|Any CPU
		{BAAB866F-0000-0000-0000-000000000000}.Release|Any CPU.Build.0 = Release|Any CPU
		{41218AFF-0000-0000-0000-000000000000}.Debug|Any CPU.ActiveCfg = Debug|Any CPU
		{41218AFF-0000-0000-0000-000000000000}.Debug|Any CPU.Build.0 = Debug|Any CPU
		{41218AFF-0000-0000-0000-000000000000}.Release|Any CPU.ActiveCfg = Release|Any CPU
		{41218AFF-0000-0000-0000-000000000000}.Release|Any CPU.Build.0 = Release|Any CPU
		{825EA47C-0000-0000-0000-000000000000}.Debug|Any CPU.ActiveCfg = Debug|Any CPU
		{825EA47C-0000-0000-0000-000000000000}.Debug|Any CPU.Build.0 = Debug|Any CPU
		{825EA47C-0000-0000-0000-000000000000}.Release|Any CPU.ActiveCfg = Release|Any CPU
		{825EA47C-0000-0000-0000-000000000000}.Release|Any CPU.Build.0 = Release|Any CPU
		{FA3A4206-0000-0000-0000-000000000000}.Debug|Any CPU.ActiveCfg = Debug|Any CPU
		{FA3A4206-0000-0000-0000-000000000000}.Debug|Any CPU.Build.0 = Debug|Any CPU
		{FA3A4206-0000-0000-0000-000000000000}.Release|Any CPU.ActiveCfg = Release|Any CPU
		{FA3A4206-0000-0000-0000-000000000000}.Release|Any CPU.Build.0 = Release|Any CPU
		{27A5E642-0000-0000-0000-000000000000}.Debug|Any CPU.ActiveCfg = Debug|Any CPU
		{27A5E642-0000-0000-0000-000000000000}.Debug|Any CPU.Build.0 = Debug|Any CPU
		{27A5E642-0000-0000-0000-000000000000}.Release|Any CPU.ActiveCfg = Release|Any CPU
		{27A5E642-0000-0000-0000-000000000000}.Release|Any CPU.Build.0 = Release|Any CPU
		{362B664A-0000-0000-0000-000000000000}.Debug|Any CPU.ActiveCfg = Debug|Any CPU
		{362B664A-0000-0000-0000-000000000000}.Debug|Any CPU.Build.0 = Debug|Any CPU
		{362B664A-0000-0000-0000-000000000000}.Release|Any CPU.ActiveCfg = Release|Any CPU
		{362B664A-0000-0000-0000-000000000000}.Release|Any CPU.Build.0 = Release|Any CPU
		{86B5E33F-0000-0000-0000-000000000000}.Debug|Any CPU.ActiveCfg = Debug|Any CPU
		{86B5E33F-0000-0000-0000-000000000000}.Debug|Any CPU.Build.0 = Debug|Any CPU
		{86B5E33F-0000-0000-0000-000000000000}.Release|Any CPU.ActiveCfg = Release|Any CPU
		{86B5E33F-0000-0000-0000-000000000000}.Release|Any CPU.Build.0 = Release|Any CPU
		{00622BBB-0000-0000-0000-000000000000}.Debug|Any CPU.ActiveCfg = Debug|Any CPU
		{00622BBB-0000-0000-0000-000000000000}.Debug|Any CPU.Build.0 = Debug|Any CPU
		{00622BBB-0000-0000-0000-000000000000}.Release|Any CPU.ActiveCfg = Release|Any CPU
		{00622BBB-0000-0000-0000-000000000000}.Release|Any CPU.Build.0 = Release|Any CPU
		{89E61A9F-0000-0000-0000-000000000000}.Debug|Any CPU.ActiveCfg = Debug|Any CPU
		{89E61A9F-0000-0000-0000-000000000000}.Debug|Any CPU.Build.0 = Debug|Any CPU
		{89E61A9F-0000-0000-0000-000000000000}.Release|Any CPU.ActiveCfg = Release|Any CPU
		{89E61A9F-0000-0000-0000-000000000000}.Release|Any CPU.Build.0 = Release|Any CPU
		{15F5FA69-0000-0000-0000-000000000000}.Debug|Any CPU.ActiveCfg = Debug|Any CPU
		{15F5FA69-0000-0000-0000-000000000000}.Debug|Any CPU.Build.0 = Debug|Any CPU
		{15F5FA69-0000-0000-0000-000000000000}.Release|Any CPU.ActiveCfg = Release|Any CPU
		{15F5FA69-0000-0000-0000-000000000000}.Release|Any CPU.Build.0 = Release|Any CPU
		{598ECD0A-0000-0000-0000-000000000000}.Debug|Any CPU.ActiveCfg = Debug|Any CPU
		{598ECD0A-0000-0000-0000-000000000000}.Debug|Any CPU.Build.0 = Debug|Any CPU
		{598ECD0A-0000-0000-0000-000000000000}.Release|Any CPU.ActiveCfg = Release|Any CPU
		{598ECD0A-0000-0000-0000-000000000000}.Release|Any CPU.Build.0 = Release|Any CPU
		{8087547A-0000-0000-0000-000000000000}.Debug|Any CPU.ActiveCfg = Debug|Any CPU
		{8087547A-0000-0000-0000-000000000000}.Debug|Any CPU.Build.0 = Debug|Any CPU
		{8087547A-0000-0000-0000-000000000000}.Release|Any CPU.ActiveCfg = Release|Any CPU
		{8087547A-0000-0000-0000-000000000000}.Release|Any CPU.Build.0 = Release|Any CPU
		{51EB24AA-0000-0000-0000-000000000000}.Debug|Any CPU.ActiveCfg = Debug|Any CPU
		{51EB24AA-0000-0000-0000-000000000000}.Debug|Any CPU.Build.0 = Debug|Any CPU
		{51EB24AA-0000-0000-0000-000000000000}.Release|Any CPU.ActiveCfg = Release|Any CPU
		{51EB24AA-0000-0000-0000-000000000000}.Release|Any CPU.Build.0 = Release|Any CPU
		{6B48B91D-0000-0000-0000-000000000000}.Debug|Any CPU.ActiveCfg = Debug|Any CPU
		{6B48B91D-0000-0000-0000-000000000000}.Debug|Any CPU.Build.0 = Debug|Any CPU
		{6B48B91D-0000-0000-0000-000000000000}.Release|Any CPU.ActiveCfg = Release|Any CPU
		{6B48B91D-0000-0000-0000-000000000000}.Release|Any CPU.Build.0 = Release|Any CPU
		{388CFDED-0000-0000-0000-000000000000}.Debug|Any CPU.ActiveCfg = Debug|Any CPU
		{388CFDED-0000-0000-0000-000000000000}.Debug|Any CPU.Build.0 = Debug|Any CPU
		{388CFDED-0000-0000-0000-000000000000}.Release|Any CPU.ActiveCfg = Release|Any CPU
		{388CFDED-0000-0000-0000-000000000000}.Release|Any CPU.Build.0 = Release|Any CPU
		{1FA4AEB3-0000-0000-0000-000000000000}.Debug|Any CPU.ActiveCfg = Debug|Any CPU
		{1FA4AEB3-0000-0000-0000-000000000000}.Debug|Any CPU.Build.0 = Debug|Any CPU
		{1FA4AEB3-0000-0000-0000-000000000000}.Release|Any CPU.ActiveCfg = Release|Any CPU
		{1FA4AEB3-0000-0000-0000-000000000000}.Release|Any CPU.Build.0 = Release|Any CPU
		{70064E32-0000-0000-0000-000000000000}.Debug|Any CPU.ActiveCfg = Debug|Any CPU
		{70064E32-0000-0000-0000-000000000000}.Debug|Any CPU.Build.0 = Debug|Any CPU
		{70064E32-0000-0000-0000-000000000000}.Release|Any CPU.ActiveCfg = Release|Any CPU
		{70064E32-0000-0000-0000-000000000000}.Release|Any CPU.Build.0 = Release|Any CPU
		{C82CBD70-0000-0000-0000-000000000000}.Debug|Any CPU.ActiveCfg = Debug|Any CPU
		{C82CBD70-0000-0000-0000-000000000000}.Debug|Any CPU.Build.0 = Debug|Any CPU
		{C82CBD70-0000-0000-0000-000000000000}.Release|Any CPU.ActiveCfg = Release|Any CPU
		{C82CBD70-0000-0000-0000-000000000000}.Release|Any CPU.Build.0 = Release|Any CPU
		{BA0ACF10-0000-0000-0000-000000000000}.Debug|Any CPU.ActiveCfg = Debug|Any CPU
		{BA0ACF10-0000-0000-0000-000000000000}.Debug|Any CPU.Build.0 = Debug|Any CPU
		{BA0ACF10-0000-0000-0000-000000000000}.Release|Any CPU.ActiveCfg = Release|Any CPU
		{BA0ACF10-0000-0000-0000-000000000000}.Release|Any CPU.Build.0 = Release|Any CPU
		{086033D6-0000-0000-0000-000000000000}.Debug|Any CPU.ActiveCfg = Debug|Any CPU
		{086033D6-0000-0000-0000-000000000000}.Debug|Any CPU.Build.0 = Debug|Any CPU
		{086033D6-0000-0000-0000-000000000000}.Release|Any CPU.ActiveCfg = Release|Any CPU
		{086033D6-0000-0000-0000-000000000000}.Release|Any CPU.Build.0 = Release|Any CPU
		{1B55C450-0000-0000-0000-000000000000}.Debug|Any CPU.ActiveCfg = Debug|Any CPU
		{1B55C450-0000-0000-0000-000000000000}.Debug|Any CPU.Build.0 = Debug|Any CPU
		{1B55C450-0000-0000-0000-000000000000}.Release|Any CPU.ActiveCfg = Release|Any CPU
		{1B55C450-0000-0000-0000-000000000000}.Release|Any CPU.Build.0 = Release|Any CPU
		{102431CB-0000-0000-0000-000000000000}.Debug|Any CPU.ActiveCfg = Debug|Any CPU
		{102431CB-0000-0000-0000-000000000000}.Debug|Any CPU.Build.0 = Debug|Any CPU
		{102431CB-0000-0000-0000-000000000000}.Release|Any CPU.ActiveCfg = Release|Any CPU
		{102431CB-0000-0000-0000-000000000000}.Release|Any CPU.Build.0 = Release|Any CPU
		{CA2E4206-0000-0000-0000-000000000000}.Debug|Any CPU.ActiveCfg = Debug|Any CPU
		{CA2E4206-0000-0000-0000-000000000000}.Debug|Any CPU.Build.0 = Debug|Any CPU
		{CA2E4206-0000-0000-0000-000000000000}.Release|Any CPU.ActiveCfg = Release|Any CPU
		{CA2E4206-0000-0000-0000-000000000000}.Release|Any CPU.Build.0 = Release|Any CPU
		{13832DF0-0000-0000-0000-000000000000}.Debug|Any CPU.ActiveCfg = Debug|Any CPU
		{13832DF0-0000-0000-0000-000000000000}.Debug|Any CPU.Build.0 = Debug|Any CPU
		{13832DF0-0000-0000-0000-000000000000}.Release|Any CPU.ActiveCfg = Release|Any CPU
		{13832DF0-0000-0000-0000-000000000000}.Release|Any CPU.Build.0 = Release|Any CPU
		{CE02189D-0000-0000-0000-000000000000}.Debug|Any CPU.ActiveCfg = Debug|Any CPU
		{CE02189D-0000-0000-0000-000000000000}.Debug|Any CPU.Build.0 = Debug|Any CPU
		{CE02189D-0000-0000-0000-000000000000}.Release|Any CPU.ActiveCfg = Release|Any CPU
		{CE02189D-0000-0000-0000-000000000000}.Release|Any CPU.Build.0 = Release|Any CPU
		{139D3C73-0000-0000-0000-000000000000}.Debug|Any CPU.ActiveCfg = Debug|Any CPU
		{139D3C73-0000-0000-0000-000000000000}.Debug|Any CPU.Build.0 = Debug|Any CPU
		{139D3C73-0000-0000-0000-000000000000}.Release|Any CPU.ActiveCfg = Release|Any CPU
		{139D3C73-0000-0000-0000-000000000000}.Release|Any CPU.Build.0 = Release|Any CPU
		{433AF017-0000-0000-0000-000000000000}.Debug|Any CPU.ActiveCfg = Debug|Any CPU
		{433AF017-0000-0000-0000-000000000000}.Debug|Any CPU.Build.0 = Debug|Any CPU
		{433AF017-0000-0000-0000-000000000000}.Release|Any CPU.ActiveCfg = Release|Any CPU
		{433AF017-0000-0000-0000-000000000000}.Release|Any CPU.Build.0 = Release|Any CPU
		{CF8D2326-0000-0000-0000-000000000000}.Debug|Any CPU.ActiveCfg = Debug|Any CPU
		{CF8D2326-0000-0000-0000-000000000000}.Debug|Any CPU.Build.0 = Debug|Any CPU
		{CF8D2326-0000-0000-0000-000000000000}.Release|Any CPU.ActiveCfg = Release|Any CPU
		{CF8D2326-0000-0000-0000-000000000000}.Release|Any CPU.Build.0 = Release|Any CPU
		{9FCF4D96-0000-0000-0000-000000000000}.Debug|Any CPU.ActiveCfg = Debug|Any CPU
		{9FCF4D96-0000-0000-0000-000000000000}.Debug|Any CPU.Build.0 = Debug|Any CPU
		{9FCF4D96-0000-0000-0000-000000000000}.Release|Any CPU.ActiveCfg = Release|Any CPU
		{9FCF4D96-0000-0000-0000-000000000000}.Release|Any CPU.Build.0 = Release|Any CPU
		{80AA13C1-0000-0000-0000-000000000000}.Debug|Any CPU.ActiveCfg = Debug|Any CPU
		{80AA13C1-0000-0000-0000-000000000000}.Debug|Any CPU.Build.0 = Debug|Any CPU
		{80AA13C1-0000-0000-0000-000000000000}.Release|Any CPU.ActiveCfg = Release|Any CPU
		{80AA13C1-0000-0000-0000-000000000000}.Release|Any CPU.Build.0 = Release|Any CPU
		{20A1BC1F-0000-0000-0000-000000000000}.Debug|Any CPU.ActiveCfg = Debug|Any CPU
		{20A1BC1F-0000-0000-0000-000000000000}.Debug|Any CPU.Build.0 = Debug|Any CPU
		{20A1BC1F-0000-0000-0000-000000000000}.Release|Any CPU.ActiveCfg = Release|Any CPU
		{20A1BC1F-0000-0000-0000-000000000000}.Release|Any CPU.Build.0 = Release|Any CPU
		{95B4DD0B-0000-0000-0000-000000000000}.Debug|Any CPU.ActiveCfg = Debug|Any CPU
		{95B4DD0B-0000-0000-0000-000000000000}.Debug|Any CPU.Build.0 = Debug|Any CPU
		{95B4DD0B-0000-0000-0000-000000000000}.Release|Any CPU.ActiveCfg = Release|Any CPU
		{95B4DD0B-0000-0000-0000-000000000000}.Release|Any CPU.Build.0 = Release|Any CPU
		{8AF96813-0000-0000-0000-000000000000}.Debug|Any CPU.ActiveCfg = Debug|Any CPU
		{8AF96813-0000-0000-0000-000000000000}.Debug|Any CPU.Build.0 = Debug|Any CPU
		{8AF96813-0000-0000-0000-000000000000}.Release|Any CPU.ActiveCfg = Release|Any CPU
		{8AF96813-0000-0000-0000-000000000000}.Release|Any CPU.Build.0 = Release|Any CPU
		{801A53D3-0000-0000-0000-000000000000}.Debug|Any CPU.ActiveCfg = Debug|Any CPU
		{801A53D3-0000-0000-0000-000000000000}.Debug|Any CPU.Build.0 = Debug|Any CPU
		{801A53D3-0000-0000-0000-000000000000}.Release|Any CPU.ActiveCfg = Release|Any CPU
		{801A53D3-0000-0000-0000-000000000000}.Release|Any CPU.Build.0 = Release|Any CPU
		{47E4E8AB-0000-0000-0000-000000000000}.Debug|Any CPU.ActiveCfg = Debug|Any CPU
		{47E4E8AB-0000-0000-0000-000000000000}.Debug|Any CPU.Build.0 = Debug|Any CPU
		{47E4E8AB-0000-0000-0000-000000000000}.Release|Any CPU.ActiveCfg = Release|Any CPU
		{47E4E8AB-0000-0000-0000-000000000000}.Release|Any CPU.Build.0 = Release|Any CPU
		{42934988-0000-0000-0000-000000000000}.Debug|Any CPU.ActiveCfg = Debug|Any CPU
		{42934988-0000-0000-0000-000000000000}.Debug|Any CPU.Build.0 = Debug|Any CPU
		{42934988-0000-0000-0000-000000000000}.Release|Any CPU.ActiveCfg = Release|Any CPU
		{42934988-0000-0000-0000-000000000000}.Release|Any CPU.Build.0 = Release|Any CPU
		{FDB63900-0000-0000-0000-000000000000}.Debug|Any CPU.ActiveCfg = Debug|Any CPU
		{FDB63900-0000-0000-0000-000000000000}.Debug|Any CPU.Build.0 = Debug|Any CPU
		{FDB63900-0000-0000-0000-000000000000}.Release|Any CPU.ActiveCfg = Release|Any CPU
		{FDB63900-0000-0000-0000-000000000000}.Release|Any CPU.Build.0 = Release|Any CPU
		{83D05935-0000-0000-0000-000000000000}.Debug|Any CPU.ActiveCfg = Debug|Any CPU
		{83D05935-0000-0000-0000-000000000000}.Debug|Any CPU.Build.0 = Debug|Any CPU
		{83D05935-0000-0000-0000-000000000000}.Release|Any CPU.ActiveCfg = Release|Any CPU
		{83D05935-0000-0000-0000-000000000000}.Release|Any CPU.Build.0 = Release|Any CPU
		{843948F7-0000-0000-0000-000000000000}.Debug|Any CPU.ActiveCfg = Debug|Any CPU
		{843948F7-0000-0000-0000-000000000000}.Debug|Any CPU.Build.0 = Debug|Any CPU
		{843948F7-0000-0000-0000-000000000000}.Release|Any CPU.ActiveCfg = Release|Any CPU
		{843948F7-0000-0000-0000-000000000000}.Release|Any CPU.Build.0 = Release|Any CPU
		{9EFE8E68-0000-0000-0000-000000000000}.Debug|Any CPU.ActiveCfg = Debug|Any CPU
		{9EFE8E68-0000-0000-0000-000000000000}.Debug|Any CPU.Build.0 = Debug|Any CPU
		{9EFE8E68-0000-0000-0000-000000000000}.Release|Any CPU.ActiveCfg = Release|Any CPU
		{9EFE8E68-0000-0000-0000-000000000000}.Release|Any CPU.Build.0 = Release|Any CPU
		{B0F1B009-0000-0000-0000-000000000000}.Debug|Any CPU.ActiveCfg = Debug|Any CPU
		{B0F1B009-0000-0000-0000-000000000000}.Debug|Any CPU.Build.0 = Debug|Any CPU
		{B0F1B009-0000-0000-0000-000000000000}.Release|Any CPU.ActiveCfg = Release|Any CPU
		{B0F1B009-0000-0000-0000-000000000000}.Release|Any CPU.Build.0 = Release|Any CPU
		{AC1C2810-0000-0000-0000-000000000000}.Debug|Any CPU.ActiveCfg = Debug|Any CPU
		{AC1C2810-0000-0000-0000-000000000000}.Debug|Any CPU.Build.0 = Debug|Any CPU
		{AC1C2810-0000-0000-0000-000000000000}.Release|Any CPU.ActiveCfg = Release|Any CPU
		{AC1C2810-0000-0000-0000-000000000000}.Release|Any CPU.Build.0 = Release|Any CPU
		{346A3D72-0000-0000-0000-000000000000}.Debug|Any CPU.ActiveCfg = Debug|Any CPU
		{346A3D72-0000-0000-0000-000000000000}.Debug|Any CPU.Build.0 = Debug|Any CPU
		{346A3D72-0000-0000-0000-000000000000}.Release|Any CPU.ActiveCfg = Release|Any CPU
		{346A3D72-0000-0000-0000-000000000000}.Release|Any CPU.Build.0 = Release|Any CPU
		{B0818796-0000-0000-0000-000000000000}.Debug|Any CPU.ActiveCfg = Debug|Any CPU
		{B0818796-0000-0000-0000-000000000000}.Debug|Any CPU.Build.0 = Debug|Any CPU
		{B0818796-0000-0000-0000-000000000000}.Release|Any CPU.ActiveCfg = Release|Any CPU
		{B0818796-0000-0000-0000-000000000000}.Release|Any CPU.Build.0 = Release|Any CPU
		{AF24D77A-0000-0000-0000-000000000000}.Debug|Any CPU.ActiveCfg = Debug|Any CPU
		{AF24D77A-0000-0000-0000-000000000000}.Debug|Any CPU.Build.0 = Debug|Any CPU
		{AF24D77A-0000-0000-0000-000000000000}.Release|Any CPU.ActiveCfg = Release|Any CPU
		{AF24D77A-0000-0000-0000-000000000000}.Release|Any CPU.Build.0 = Release|Any CPU
		{B4C05A40-0000-0000-0000-000000000000}.Debug|Any CPU.ActiveCfg = Debug|Any CPU
		{B4C05A40-0000-0000-0000-000000000000}.Debug|Any CPU.Build.0 = Debug|Any CPU
		{B4C05A40-0000-0000-0000-000000000000}.Release|Any CPU.ActiveCfg = Release|Any CPU
		{B4C05A40-0000-0000-0000-000000000000}.Release|Any CPU.Build.0 = Release|Any CPU
		{0B8D844C-0000-0000-0000-000000000000}.Debug|Any CPU.ActiveCfg = Debug|Any CPU
		{0B8D844C-0000-0000-0000-000000000000}.Debug|Any CPU.Build.0 = Debug|Any CPU
		{0B8D844C-0000-0000-0000-000000000000}.Release|Any CPU.ActiveCfg = Release|Any CPU
		{0B8D844C-0000-0000-0000-000000000000}.Release|Any CPU.Build.0 = Release|Any CPU
		{84888427-0000-0000-0000-000000000000}.Debug|Any CPU.ActiveCfg = Debug|Any CPU
		{84888427-0000-0000-0000-000000000000}.Debug|Any CPU.Build.0 = Debug|Any CPU
		{84888427-0000-0000-0000-000000000000}.Release|Any CPU.ActiveCfg = Release|Any CPU
		{84888427-0000-0000-0000-000000000000}.Release|Any CPU.Build.0 = Release|Any CPU
		{0589AE5E-0000-0000-0000-000000000000}.Debug|Any CPU.ActiveCfg = Debug|Any CPU
		{0589AE5E-0000-0000-0000-000000000000}.Debug|Any CPU.Build.0 = Debug|Any CPU
		{0589AE5E-0000-0000-0000-000000000000}.Release|Any CPU.ActiveCfg = Release|Any CPU
		{0589AE5E-0000-0000-0000-000000000000}.Release|Any CPU.Build.0 = Release|Any CPU
		{9683A640-0000-0000-0000-000000000000}.Debug|Any CPU.ActiveCfg = Debug|Any CPU
		{9683A640-0000-0000-0000-000000000000}.Debug|Any CPU.Build.0 = Debug|Any CPU
		{9683A640-0000-0000-0000-000000000000}.Release|Any CPU.ActiveCfg = Release|Any CPU
		{9683A640-0000-0000-0000-000000000000}.Release|Any CPU.Build.0 = Release|Any CPU
		{81FDADE0-0000-0000-0000-000000000000}.Debug|Any CPU.ActiveCfg = Debug|Any CPU
		{81FDADE0-0000-0000-0000-000000000000}.Debug|Any CPU.Build.0 = Debug|Any CPU
		{81FDADE0-0000-0000-0000-000000000000}.Release|Any CPU.ActiveCfg = Release|Any CPU
		{81FDADE0-0000-0000-0000-000000000000}.Release|Any CPU.Build.0 = Release|Any CPU
	EndGlobalSection
EndGlobal
