Microsoft Visual Studio Solution File, Format Version 12.00
# Visual Studio 22
Project("{FAE04EC0-301F-11D3-BF4B-00C04F79EFBC}") = "OpenSim", "OpenSim/Region/Application/OpenSim.csproj", "{27B87B28-0000-0000-0000-000000000000}"
EndProject
Project("{FAE04EC0-301F-11D3-BF4B-00C04F79EFBC}") = "OpenSim.Addons.Groups", "OpenSim/Addons/Groups/OpenSim.Addons.Groups.csproj", "{14412958-0000-0000-0000-000000000000}"
EndProject
Project("{FAE04EC0-301F-11D3-BF4B-00C04F79EFBC}") = "OpenSim.Addons.OfflineIM", "OpenSim/Addons/OfflineIM/OpenSim.Addons.OfflineIM.csproj", "{6A3E5DFE-0000-0000-0000-000000000000}"
EndProject
Project("{FAE04EC0-301F-11D3-BF4B-00C04F79EFBC}") = "OpenSim.ApplicationPlugins.LoadRegions", "OpenSim/ApplicationPlugins/LoadRegions/OpenSim.ApplicationPlugins.LoadRegions.csproj", "{BB7D289E-0000-0000-0000-000000000000}"
EndProject
Project("{FAE04EC0-301F-11D3-BF4B-00C04F79EFBC}") = "OpenSim.ApplicationPlugins.RegionModulesController", "OpenSim/ApplicationPlugins/RegionModulesController/OpenSim.ApplicationPlugins.RegionModulesController.csproj", "{21EFCEC5-0000-0000-0000-000000000000}"
EndProject
Project("{FAE04EC0-301F-11D3-BF4B-00C04F79EFBC}") = "OpenSim.ApplicationPlugins.RemoteController", "OpenSim/ApplicationPlugins/RemoteController/OpenSim.ApplicationPlugins.RemoteController.csproj", "{2D7E50CC-0000-0000-0000-000000000000}"
EndProject
Project("{FAE04EC0-301F-11D3-BF4B-00C04F79EFBC}") = "OpenSim.Capabilities", "OpenSim/Capabilities/OpenSim.Capabilities.csproj", "{CE078EEF-0000-0000-0000-000000000000}"
EndProject
Project("{FAE04EC0-301F-11D3-BF4B-00C04F79EFBC}") = "OpenSim.Capabilities.Handlers", "OpenSim/Capabilities/Handlers/OpenSim.Capabilities.Handlers.csproj", "{38C84C98-0000-0000-0000-000000000000}"
EndProject
Project("{FAE04EC0-301F-11D3-BF4B-00C04F79EFBC}") = "OpenSim.ConsoleClient", "OpenSim/ConsoleClient/OpenSim.ConsoleClient.csproj", "{7D41D76A-0000-0000-0000-000000000000}"
EndProject
Project("{FAE04EC0-301F-11D3-BF4B-00C04F79EFBC}") = "OpenSim.Data", "OpenSim/Data/OpenSim.Data.csproj", "{C7E4F960-0000-0000-0000-000000000000}"
EndProject
Project("{FAE04EC0-301F-11D3-BF4B-00C04F79EFBC}") = "OpenSim.Data.MySQL", "OpenSim/Data/MySQL/OpenSim.Data.MySQL.csproj", "{E7BF66D9-0000-0000-0000-000000000000}"
EndProject
Project("{FAE04EC0-301F-11D3-BF4B-00C04F79EFBC}") = "OpenSim.Data.Null", "OpenSim/Data/Null/OpenSim.Data.Null.csproj", "{5B4A546B-0000-0000-0000-000000000000}"
EndProject
Project("{FAE04EC0-301F-11D3-BF4B-00C04F79EFBC}") = "OpenSim.Data.PGSQL", "OpenSim/Data/PGSQL/OpenSim.Data.PGSQL.csproj", "{85BCE38F-0000-0000-0000-000000000000}"
EndProject
Project("{FAE04EC0-301F-11D3-BF4B-00C04F79EFBC}") = "OpenSim.Data.SQLite", "OpenSim/Data/SQLite/OpenSim.Data.SQLite.csproj", "{4ECAE2E9-0000-0000-0000-000000000000}"
EndProject
Project("{FAE04EC0-301F-11D3-BF4B-00C04F79EFBC}") = "OpenSim.Framework", "OpenSim/Framework/OpenSim.Framework.csproj", "{083D7190-0000-0000-0000-000000000000}"
EndProject
Project("{FAE04EC0-301F-11D3-BF4B-00C04F79EFBC}") = "OpenSim.Framework.AssetLoader.Filesystem", "OpenSim/Framework/AssetLoader/Filesystem/OpenSim.Framework.AssetLoader.Filesystem.csproj", "{54C6A9B2-0000-0000-0000-000000000000}"
EndProject
Project("{FAE04EC0-301F-11D3-BF4B-00C04F79EFBC}") = "OpenSim.Framework.Console", "OpenSim/Framework/Console/OpenSim.Framework.Console.csproj", "{DFFB0496-0000-0000-0000-000000000000}"
EndProject
Project("{FAE04EC0-301F-11D3-BF4B-00C04F79EFBC}") = "OpenSim.Framework.Monitoring", "OpenSim/Framework/Monitoring/OpenSim.Framework.Monitoring.csproj", "{CEC4D66B-0000-0000-0000-000000000000}"
EndProject
Project("{FAE04EC0-301F-11D3-BF4B-00C04F79EFBC}") = "OpenSim.Framework.Serialization", "OpenSim/Framework/Serialization/OpenSim.Framework.Serialization.csproj", "{9B438BC1-0000-0000-0000-000000000000}"
EndProject
Project("{FAE04EC0-301F-11D3-BF4B-00C04F79EFBC}") = "OpenSim.Framework.Servers", "OpenSim/Framework/Servers/OpenSim.Framework.Servers.csproj", "{B2A44118-0000-0000-0000-000000000000}"
EndProject
Project("{FAE04EC0-301F-11D3-BF4B-00C04F79EFBC}") = "OpenSim.Framework.Servers.HttpServer", "OpenSim/Framework/Servers/HttpServer/OpenSim.Framework.Servers.HttpServer.csproj", "{F332424B-0000-0000-0000-000000000000}"
EndProject
Project("{FAE04EC0-301F-11D3-BF4B-00C04F79EFBC}") = "OpenSim.Modules.Currency", "addon-modules/akkimoney_module/Modules/OpenSim.Modules.Currency.csproj", "{E56C9301-0000-0000-0000-000000000000}"
EndProject
Project("{FAE04EC0-301F-11D3-BF4B-00C04F79EFBC}") = "OpenSim.Region.ClientStack.LindenCaps", "OpenSim/Region/ClientStack/Linden/Caps/OpenSim.Region.ClientStack.LindenCaps.csproj", "{92B19D0F-0000-0000-0000-000000000000}"
EndProject
Project("{FAE04EC0-301F-11D3-BF4B-00C04F79EFBC}") = "OpenSim.Region.ClientStack.LindenUDP", "OpenSim/Region/ClientStack/Linden/UDP/OpenSim.Region.ClientStack.LindenUDP.csproj", "{4D6059E3-0000-0000-0000-000000000000}"
EndProject
Project("{FAE04EC0-301F-11D3-BF4B-00C04F79EFBC}") = "OpenSim.Region.CoreModules", "OpenSim/Region/CoreModules/OpenSim.Region.CoreModules.csproj", "{FCF01A69-0000-0000-0000-000000000000}"
EndProject
Project("{FAE04EC0-301F-11D3-BF4B-00C04F79EFBC}") = "OpenSim.Region.Framework", "OpenSim/Region/Framework/OpenSim.Region.Framework.csproj", "{F6933540-0000-0000-0000-000000000000}"
EndProject
Project("{FAE04EC0-301F-11D3-BF4B-00C04F79EFBC}") = "OpenSim.Region.OptionalModules", "OpenSim/Region/OptionalModules/OpenSim.Region.OptionalModules.csproj", "{16E4FA01-0000-0000-0000-000000000000}"
EndProject
Project("{FAE04EC0-301F-11D3-BF4B-00C04F79EFBC}") = "OpenSim.Region.PhysicsModule.BasicPhysics", "OpenSim/Region/PhysicsModules/BasicPhysics/OpenSim.Region.PhysicsModule.BasicPhysics.csproj", "{C428BF96-0000-0000-0000-000000000000}"
EndProject
Project("{FAE04EC0-301F-11D3-BF4B-00C04F79EFBC}") = "OpenSim.Region.PhysicsModule.BulletS", "OpenSim/Region/PhysicsModules/BulletS/OpenSim.Region.PhysicsModule.BulletS.csproj", "{0D16B403-0000-0000-0000-000000000000}"
EndProject
Project("{FAE04EC0-301F-11D3-BF4B-00C04F79EFBC}") = "OpenSim.Region.PhysicsModule.Meshing", "OpenSim/Region/PhysicsModules/Meshing/OpenSim.Region.PhysicsModule.Meshing.csproj", "{99B7FB7B-0000-0000-0000-000000000000}"
EndProject
Project("{FAE04EC0-301F-11D3-BF4B-00C04F79EFBC}") = "OpenSim.Region.PhysicsModule.POS", "OpenSim/Region/PhysicsModules/POS/OpenSim.Region.PhysicsModule.POS.csproj", "{49B0B4F2-0000-0000-0000-000000000000}"
EndProject
Project("{FAE04EC0-301F-11D3-BF4B-00C04F79EFBC}") = "OpenSim.Region.PhysicsModule.ubOde", "OpenSim/Region/PhysicsModules/ubOde/OpenSim.Region.PhysicsModule.ubOde.csproj", "{803CE61D-0000-0000-0000-000000000000}"
EndProject
Project("{FAE04EC0-301F-11D3-BF4B-00C04F79EFBC}") = "OpenSim.Region.PhysicsModule.ubOdeMeshing", "OpenSim/Region/PhysicsModules/ubOdeMeshing/OpenSim.Region.PhysicsModule.ubOdeMeshing.csproj", "{D5B8A172-0000-0000-0000-000000000000}"
EndProject
Project("{FAE04EC0-301F-11D3-BF4B-00C04F79EFBC}") = "OpenSim.Region.PhysicsModules.ConvexDecompositionDotNet", "OpenSim/Region/PhysicsModules/ConvexDecompositionDotNet/OpenSim.Region.PhysicsModules.ConvexDecompositionDotNet.csproj", "{406AA161-0000-0000-0000-000000000000}"
EndProject
Project("{FAE04EC0-301F-11D3-BF4B-00C04F79EFBC}") = "OpenSim.Region.PhysicsModules.SharedBase", "OpenSim/Region/PhysicsModules/SharedBase/OpenSim.Region.PhysicsModules.SharedBase.csproj", "{3CC10A69-0000-0000-0000-000000000000}"
EndProject
Project("{FAE04EC0-301F-11D3-BF4B-00C04F79EFBC}") = "OpenSim.Region.ScriptEngine.Shared", "OpenSim/Region/ScriptEngine/Shared/OpenSim.Region.ScriptEngine.Shared.csproj", "{7E76E118-0000-0000-0000-000000000000}"
EndProject
Project("{FAE04EC0-301F-11D3-BF4B-00C04F79EFBC}") = "OpenSim.Region.ScriptEngine.Shared.Api", "OpenSim/Region/ScriptEngine/Shared/Api/Implementation/OpenSim.Region.ScriptEngine.Shared.Api.csproj", "{BF931303-0000-0000-0000-000000000000}"
EndProject
Project("{FAE04EC0-301F-11D3-BF4B-00C04F79EFBC}") = "OpenSim.Region.ScriptEngine.Shared.Api.Runtime", "OpenSim/Region/ScriptEngine/Shared/Api/Runtime/OpenSim.Region.ScriptEngine.Shared.Api.Runtime.csproj", "{BB37C50D-0000-0000-0000-000000000000}"
EndProject
Project("{FAE04EC0-301F-11D3-BF4B-00C04F79EFBC}") = "OpenSim.Region.ScriptEngine.YEngine", "OpenSim/Region/ScriptEngine/YEngine/OpenSim.Region.ScriptEngine.YEngine.csproj", "{57F68E58-0000-0000-0000-000000000000}"
EndProject
Project("{FAE04EC0-301F-11D3-BF4B-00C04F79EFBC}") = "OpenSim.Server.Base", "OpenSim/Server/Base/OpenSim.Server.Base.csproj", "{C124A5BC-0000-0000-0000-000000000000}"
EndProject
Project("{FAE04EC0-301F-11D3-BF4B-00C04F79EFBC}") = "OpenSim.Server.Handlers", "OpenSim/Server/Handlers/OpenSim.Server.Handlers.csproj", "{78B3E647-0000-0000-0000-000000000000}"
EndProject
Project("{FAE04EC0-301F-11D3-BF4B-00C04F79EFBC}") = "OpenSim.Services.AssetService", "OpenSim/Services/AssetService/OpenSim.Services.AssetService.csproj", "{D0D6DAD9-0000-0000-0000-000000000000}"
EndProject
Project("{FAE04EC0-301F-11D3-BF4B-00C04F79EFBC}") = "OpenSim.Services.AuthenticationService", "OpenSim/Services/AuthenticationService/OpenSim.Services.AuthenticationService.csproj", "{DD8A9C63-0000-0000-0000-000000000000}"
EndProject
Project("{FAE04EC0-301F-11D3-BF4B-00C04F79EFBC}") = "OpenSim.Services.AuthorizationService", "OpenSim/Services/AuthorizationService/OpenSim.Services.AuthorizationService.csproj", "{2C49E503-0000-0000-0000-000000000000}"
EndProject
Project("{FAE04EC0-301F-11D3-BF4B-00C04F79EFBC}") = "OpenSim.Services.AvatarService", "OpenSim/Services/AvatarService/OpenSim.Services.AvatarService.csproj", "{D5C77626-0000-0000-0000-000000000000}"
EndProject
Project("{FAE04EC0-301F-11D3-BF4B-00C04F79EFBC}") = "OpenSim.Services.Base", "OpenSim/Services/Base/OpenSim.Services.Base.csproj", "{DE93F523-0000-0000-0000-000000000000}"
EndProject
Project("{FAE04EC0-301F-11D3-BF4B-00C04F79EFBC}") = "OpenSim.Services.Connectors", "OpenSim/Services/Connectors/OpenSim.Services.Connectors.csproj", "{1C8E6E40-0000-0000-0000-000000000000}"
EndProject
Project("{FAE04EC0-301F-11D3-BF4B-00C04F79EFBC}") = "OpenSim.Services.EstateService", "OpenSim/Services/EstateService/OpenSim.Services.EstateService.csproj", "{8FDBD433-0000-0000-0000-000000000000}"
EndProject
Project("{FAE04EC0-301F-11D3-BF4B-00C04F79EFBC}") = "OpenSim.Services.FreeswitchService", "OpenSim/Services/FreeswitchService/OpenSim.Services.FreeswitchService.csproj", "{8858E623-0000-0000-0000-000000000000}"
EndProject
Project("{FAE04EC0-301F-11D3-BF4B-00C04F79EFBC}") = "OpenSim.Services.FriendsService", "OpenSim/Services/Friends/OpenSim.Services.FriendsService.csproj", "{8AF9E906-0000-0000-0000-000000000000}"
EndProject
Project("{FAE04EC0-301F-11D3-BF4B-00C04F79EFBC}") = "OpenSim.Services.FSAssetService", "OpenSim/Services/FSAssetService/OpenSim.Services.FSAssetService.csproj", "{DFA86F0A-0000-0000-0000-000000000000}"
EndProject
Project("{FAE04EC0-301F-11D3-BF4B-00C04F79EFBC}") = "OpenSim.Services.GridService", "OpenSim/Services/GridService/OpenSim.Services.GridService.csproj", "{3FEA0BD4-0000-0000-0000-000000000000}"
EndProject
Project("{FAE04EC0-301F-11D3-BF4B-00C04F79EFBC}") = "OpenSim.Services.HypergridService", "OpenSim/Services/HypergridService/OpenSim.Services.HypergridService.csproj", "{CCB1D727-0000-0000-0000-000000000000}"
EndProject
Project("{FAE04EC0-301F-11D3-BF4B-00C04F79EFBC}") = "OpenSim.Services.Interfaces", "OpenSim/Services/Interfaces/OpenSim.Services.Interfaces.csproj", "{12373CD9-0000-0000-0000-000000000000}"
EndProject
Project("{FAE04EC0-301F-11D3-BF4B-00C04F79EFBC}") = "OpenSim.Services.InventoryService", "OpenSim/Services/InventoryService/OpenSim.Services.InventoryService.csproj", "{58872F7B-0000-0000-0000-000000000000}"
EndProject
Project("{FAE04EC0-301F-11D3-BF4B-00C04F79EFBC}") = "OpenSim.Services.LLLoginService", "OpenSim/Services/LLLoginService/OpenSim.Services.LLLoginService.csproj", "{66483E17-0000-0000-0000-000000000000}"
EndProject
Project("{FAE04EC0-301F-11D3-BF4B-00C04F79EFBC}") = "OpenSim.Services.MapImageService", "OpenSim/Services/MapImageService/OpenSim.Services.MapImageService.csproj", "{070F0ECA-0000-0000-0000-000000000000}"
EndProject
Project("{FAE04EC0-301F-11D3-BF4B-00C04F79EFBC}") = "OpenSim.Services.MuteListService", "OpenSim/Services/MuteListService/OpenSim.Services.MuteListService.csproj", "{95A2E264-0000-0000-0000-000000000000}"
EndProject
Project("{FAE04EC0-301F-11D3-BF4B-00C04F79EFBC}") = "OpenSim.Services.PresenceService", "OpenSim/Services/PresenceService/OpenSim.Services.PresenceService.csproj", "{1F6D0080-0000-0000-0000-000000000000}"
EndProject
Project("{FAE04EC0-301F-11D3-BF4B-00C04F79EFBC}") = "OpenSim.Services.SimulationService", "OpenSim/Services/SimulationService/OpenSim.Services.SimulationService.csproj", "{916B144E-0000-0000-0000-000000000000}"
EndProject
Project("{FAE04EC0-301F-11D3-BF4B-00C04F79EFBC}") = "OpenSim.Services.UserAccountService", "OpenSim/Services/UserAccountService/OpenSim.Services.UserAccountService.csproj", "{306A4233-0000-0000-0000-000000000000}"
EndProject
Project("{FAE04EC0-301F-11D3-BF4B-00C04F79EFBC}") = "OpenSim.Services.UserProfilesService", "OpenSim/Services/UserProfilesService/OpenSim.Services.UserProfilesService.csproj", "{A9B57877-0000-0000-0000-000000000000}"
EndProject
Project("{FAE04EC0-301F-11D3-BF4B-00C04F79EFBC}") = "OpenSim.Tools.Configger", "OpenSim/Tools/Configger/OpenSim.Tools.Configger.csproj", "{2E1630EF-0000-0000-0000-000000000000}"
EndProject
Project("{FAE04EC0-301F-11D3-BF4B-00C04F79EFBC}") = "pCampBot", "OpenSim/Tools/pCampBot/pCampBot.csproj", "{95D6C25E-0000-0000-0000-000000000000}"
EndProject
Project("{FAE04EC0-301F-11D3-BF4B-00C04F79EFBC}") = "Robust", "OpenSim/Server/Robust.csproj", "{224A797B-0000-0000-0000-000000000000}"
EndProject
Project("{FAE04EC0-301F-11D3-BF4B-00C04F79EFBC}") = "SmartThreadPool", "ThirdParty/SmartThreadPool/SmartThreadPool.csproj", "{7A8A249F-0000-0000-0000-000000000000}"
EndProject
Project("{FAE04EC0-301F-11D3-BF4B-00C04F79EFBC}") = "ThreadedClasses", "ThirdParty/ThreadedClasses/ThreadedClasses.csproj", "{3D874DE5-0000-0000-0000-000000000000}"
EndProject
Global
	GlobalSection(SolutionConfigurationPlatforms) = preSolution
		Debug|Any CPU = Debug|Any CPU
		Release|Any CPU = Release|Any CPU
	EndGlobalSection
	GlobalSection(ProjectConfigurationPlatforms) = postSolution
		{27B87B28-0000-0000-0000-000000000000}.Debug|Any CPU.ActiveCfg = Debug|Any CPU
		{27B87B28-0000-0000-0000-000000000000}.Debug|Any CPU.Build.0 = Debug|Any CPU
		{27B87B28-0000-0000-0000-000000000000}.Release|Any CPU.ActiveCfg = Release|Any CPU
		{27B87B28-0000-0000-0000-000000000000}.Release|Any CPU.Build.0 = Release|Any CPU
		{14412958-0000-0000-0000-000000000000}.Debug|Any CPU.ActiveCfg = Debug|Any CPU
		{14412958-0000-0000-0000-000000000000}.Debug|Any CPU.Build.0 = Debug|Any CPU
		{14412958-0000-0000-0000-000000000000}.Release|Any CPU.ActiveCfg = Release|Any CPU
		{14412958-0000-0000-0000-000000000000}.Release|Any CPU.Build.0 = Release|Any CPU
		{6A3E5DFE-0000-0000-0000-000000000000}.Debug|Any CPU.ActiveCfg = Debug|Any CPU
		{6A3E5DFE-0000-0000-0000-000000000000}.Debug|Any CPU.Build.0 = Debug|Any CPU
		{6A3E5DFE-0000-0000-0000-000000000000}.Release|Any CPU.ActiveCfg = Release|Any CPU
		{6A3E5DFE-0000-0000-0000-000000000000}.Release|Any CPU.Build.0 = Release|Any CPU
		{BB7D289E-0000-0000-0000-000000000000}.Debug|Any CPU.ActiveCfg = Debug|Any CPU
		{BB7D289E-0000-0000-0000-000000000000}.Debug|Any CPU.Build.0 = Debug|Any CPU
		{BB7D289E-0000-0000-0000-000000000000}.Release|Any CPU.ActiveCfg = Release|Any CPU
		{BB7D289E-0000-0000-0000-000000000000}.Release|Any CPU.Build.0 = Release|Any CPU
		{21EFCEC5-0000-0000-0000-000000000000}.Debug|Any CPU.ActiveCfg = Debug|Any CPU
		{21EFCEC5-0000-0000-0000-000000000000}.Debug|Any CPU.Build.0 = Debug|Any CPU
		{21EFCEC5-0000-0000-0000-000000000000}.Release|Any CPU.ActiveCfg = Release|Any CPU
		{21EFCEC5-0000-0000-0000-000000000000}.Release|Any CPU.Build.0 = Release|Any CPU
		{2D7E50CC-0000-0000-0000-000000000000}.Debug|Any CPU.ActiveCfg = Debug|Any CPU
		{2D7E50CC-0000-0000-0000-000000000000}.Debug|Any CPU.Build.0 = Debug|Any CPU
		{2D7E50CC-0000-0000-0000-000000000000}.Release|Any CPU.ActiveCfg = Release|Any CPU
		{2D7E50CC-0000-0000-0000-000000000000}.Release|Any CPU.Build.0 = Release|Any CPU
		{CE078EEF-0000-0000-0000-000000000000}.Debug|Any CPU.ActiveCfg = Debug|Any CPU
		{CE078EEF-0000-0000-0000-000000000000}.Debug|Any CPU.Build.0 = Debug|Any CPU
		{CE078EEF-0000-0000-0000-000000000000}.Release|Any CPU.ActiveCfg = Release|Any CPU
		{CE078EEF-0000-0000-0000-000000000000}.Release|Any CPU.Build.0 = Release|Any CPU
		{38C84C98-0000-0000-0000-000000000000}.Debug|Any CPU.ActiveCfg = Debug|Any CPU
		{38C84C98-0000-0000-0000-000000000000}.Debug|Any CPU.Build.0 = Debug|Any CPU
		{38C84C98-0000-0000-0000-000000000000}.Release|Any CPU.ActiveCfg = Release|Any CPU
		{38C84C98-0000-0000-0000-000000000000}.Release|Any CPU.Build.0 = Release|Any CPU
		{7D41D76A-0000-0000-0000-000000000000}.Debug|Any CPU.ActiveCfg = Debug|Any CPU
		{7D41D76A-0000-0000-0000-000000000000}.Debug|Any CPU.Build.0 = Debug|Any CPU
		{7D41D76A-0000-0000-0000-000000000000}.Release|Any CPU.ActiveCfg = Release|Any CPU
		{7D41D76A-0000-0000-0000-000000000000}.Release|Any CPU.Build.0 = Release|Any CPU
		{C7E4F960-0000-0000-0000-000000000000}.Debug|Any CPU.ActiveCfg = Debug|Any CPU
		{C7E4F960-0000-0000-0000-000000000000}.Debug|Any CPU.Build.0 = Debug|Any CPU
		{C7E4F960-0000-0000-0000-000000000000}.Release|Any CPU.ActiveCfg = Release|Any CPU
		{C7E4F960-0000-0000-0000-000000000000}.Release|Any CPU.Build.0 = Release|Any CPU
		{E7BF66D9-0000-0000-0000-000000000000}.Debug|Any CPU.ActiveCfg = Debug|Any CPU
		{E7BF66D9-0000-0000-0000-000000000000}.Debug|Any CPU.Build.0 = Debug|Any CPU
		{E7BF66D9-0000-0000-0000-000000000000}.Release|Any CPU.ActiveCfg = Release|Any CPU
		{E7BF66D9-0000-0000-0000-000000000000}.Release|Any CPU.Build.0 = Release|Any CPU
		{5B4A546B-0000-0000-0000-000000000000}.Debug|Any CPU.ActiveCfg = Debug|Any CPU
		{5B4A546B-0000-0000-0000-000000000000}.Debug|Any CPU.Build.0 = Debug|Any CPU
		{5B4A546B-0000-0000-0000-000000000000}.Release|Any CPU.ActiveCfg = Release|Any CPU
		{5B4A546B-0000-0000-0000-000000000000}.Release|Any CPU.Build.0 = Release|Any CPU
		{85BCE38F-0000-0000-0000-000000000000}.Debug|Any CPU.ActiveCfg = Debug|Any CPU
		{85BCE38F-0000-0000-0000-000000000000}.Debug|Any CPU.Build.0 = Debug|Any CPU
		{85BCE38F-0000-0000-0000-000000000000}.Release|Any CPU.ActiveCfg = Release|Any CPU
		{85BCE38F-0000-0000-0000-000000000000}.Release|Any CPU.Build.0 = Release|Any CPU
		{4ECAE2E9-0000-0000-0000-000000000000}.Debug|Any CPU.ActiveCfg = Debug|Any CPU
		{4ECAE2E9-0000-0000-0000-000000000000}.Debug|Any CPU.Build.0 = Debug|Any CPU
		{4ECAE2E9-0000-0000-0000-000000000000}.Release|Any CPU.ActiveCfg = Release|Any CPU
		{4ECAE2E9-0000-0000-0000-000000000000}.Release|Any CPU.Build.0 = Release|Any CPU
		{083D7190-0000-0000-0000-000000000000}.Debug|Any CPU.ActiveCfg = Debug|Any CPU
		{083D7190-0000-0000-0000-000000000000}.Debug|Any CPU.Build.0 = Debug|Any CPU
		{083D7190-0000-0000-0000-000000000000}.Release|Any CPU.ActiveCfg = Release|Any CPU
		{083D7190-0000-0000-0000-000000000000}.Release|Any CPU.Build.0 = Release|Any CPU
		{54C6A9B2-0000-0000-0000-000000000000}.Debug|Any CPU.ActiveCfg = Debug|Any CPU
		{54C6A9B2-0000-0000-0000-000000000000}.Debug|Any CPU.Build.0 = Debug|Any CPU
		{54C6A9B2-0000-0000-0000-000000000000}.Release|Any CPU.ActiveCfg = Release|Any CPU
		{54C6A9B2-0000-0000-0000-000000000000}.Release|Any CPU.Build.0 = Release|Any CPU
		{DFFB0496-0000-0000-0000-000000000000}.Debug|Any CPU.ActiveCfg = Debug|Any CPU
		{DFFB0496-0000-0000-0000-000000000000}.Debug|Any CPU.Build.0 = Debug|Any CPU
		{DFFB0496-0000-0000-0000-000000000000}.Release|Any CPU.ActiveCfg = Release|Any CPU
		{DFFB0496-0000-0000-0000-000000000000}.Release|Any CPU.Build.0 = Release|Any CPU
		{CEC4D66B-0000-0000-0000-000000000000}.Debug|Any CPU.ActiveCfg = Debug|Any CPU
		{CEC4D66B-0000-0000-0000-000000000000}.Debug|Any CPU.Build.0 = Debug|Any CPU
		{CEC4D66B-0000-0000-0000-000000000000}.Release|Any CPU.ActiveCfg = Release|Any CPU
		{CEC4D66B-0000-0000-0000-000000000000}.Release|Any CPU.Build.0 = Release|Any CPU
		{9B438BC1-0000-0000-0000-000000000000}.Debug|Any CPU.ActiveCfg = Debug|Any CPU
		{9B438BC1-0000-0000-0000-000000000000}.Debug|Any CPU.Build.0 = Debug|Any CPU
		{9B438BC1-0000-0000-0000-000000000000}.Release|Any CPU.ActiveCfg = Release|Any CPU
		{9B438BC1-0000-0000-0000-000000000000}.Release|Any CPU.Build.0 = Release|Any CPU
		{B2A44118-0000-0000-0000-000000000000}.Debug|Any CPU.ActiveCfg = Debug|Any CPU
		{B2A44118-0000-0000-0000-000000000000}.Debug|Any CPU.Build.0 = Debug|Any CPU
		{B2A44118-0000-0000-0000-000000000000}.Release|Any CPU.ActiveCfg = Release|Any CPU
		{B2A44118-0000-0000-0000-000000000000}.Release|Any CPU.Build.0 = Release|Any CPU
		{F332424B-0000-0000-0000-000000000000}.Debug|Any CPU.ActiveCfg = Debug|Any CPU
		{F332424B-0000-0000-0000-000000000000}.Debug|Any CPU.Build.0 = Debug|Any CPU
		{F332424B-0000-0000-0000-000000000000}.Release|Any CPU.ActiveCfg = Release|Any CPU
		{F332424B-0000-0000-0000-000000000000}.Release|Any CPU.Build.0 = Release|Any CPU
		{E56C9301-0000-0000-0000-000000000000}.Debug|Any CPU.ActiveCfg = Debug|Any CPU
		{E56C9301-0000-0000-0000-000000000000}.Debug|Any CPU.Build.0 = Debug|Any CPU
		{E56C9301-0000-0000-0000-000000000000}.Release|Any CPU.ActiveCfg = Release|Any CPU
		{E56C9301-0000-0000-0000-000000000000}.Release|Any CPU.Build.0 = Release|Any CPU
		{92B19D0F-0000-0000-0000-000000000000}.Debug|Any CPU.ActiveCfg = Debug|Any CPU
		{92B19D0F-0000-0000-0000-000000000000}.Debug|Any CPU.Build.0 = Debug|Any CPU
		{92B19D0F-0000-0000-0000-000000000000}.Release|Any CPU.ActiveCfg = Release|Any CPU
		{92B19D0F-0000-0000-0000-000000000000}.Release|Any CPU.Build.0 = Release|Any CPU
		{4D6059E3-0000-0000-0000-000000000000}.Debug|Any CPU.ActiveCfg = Debug|Any CPU
		{4D6059E3-0000-0000-0000-000000000000}.Debug|Any CPU.Build.0 = Debug|Any CPU
		{4D6059E3-0000-0000-0000-000000000000}.Release|Any CPU.ActiveCfg = Release|Any CPU
		{4D6059E3-0000-0000-0000-000000000000}.Release|Any CPU.Build.0 = Release|Any CPU
		{FCF01A69-0000-0000-0000-000000000000}.Debug|Any CPU.ActiveCfg = Debug|Any CPU
		{FCF01A69-0000-0000-0000-000000000000}.Debug|Any CPU.Build.0 = Debug|Any CPU
		{FCF01A69-0000-0000-0000-000000000000}.Release|Any CPU.ActiveCfg = Release|Any CPU
		{FCF01A69-0000-0000-0000-000000000000}.Release|Any CPU.Build.0 = Release|Any CPU
		{F6933540-0000-0000-0000-000000000000}.Debug|Any CPU.ActiveCfg = Debug|Any CPU
		{F6933540-0000-0000-0000-000000000000}.Debug|Any CPU.Build.0 = Debug|Any CPU
		{F6933540-0000-0000-0000-000000000000}.Release|Any CPU.ActiveCfg = Release|Any CPU
		{F6933540-0000-0000-0000-000000000000}.Release|Any CPU.Build.0 = Release|Any CPU
		{16E4FA01-0000-0000-0000-000000000000}.Debug|Any CPU.ActiveCfg = Debug|Any CPU
		{16E4FA01-0000-0000-0000-000000000000}.Debug|Any CPU.Build.0 = Debug|Any CPU
		{16E4FA01-0000-0000-0000-000000000000}.Release|Any CPU.ActiveCfg = Release|Any CPU
		{16E4FA01-0000-0000-0000-000000000000}.Release|Any CPU.Build.0 = Release|Any CPU
		{C428BF96-0000-0000-0000-000000000000}.Debug|Any CPU.ActiveCfg = Debug|Any CPU
		{C428BF96-0000-0000-0000-000000000000}.Debug|Any CPU.Build.0 = Debug|Any CPU
		{C428BF96-0000-0000-0000-000000000000}.Release|Any CPU.ActiveCfg = Release|Any CPU
		{C428BF96-0000-0000-0000-000000000000}.Release|Any CPU.Build.0 = Release|Any CPU
		{0D16B403-0000-0000-0000-000000000000}.Debug|Any CPU.ActiveCfg = Debug|Any CPU
		{0D16B403-0000-0000-0000-000000000000}.Debug|Any CPU.Build.0 = Debug|Any CPU
		{0D16B403-0000-0000-0000-000000000000}.Release|Any CPU.ActiveCfg = Release|Any CPU
		{0D16B403-0000-0000-0000-000000000000}.Release|Any CPU.Build.0 = Release|Any CPU
		{99B7FB7B-0000-0000-0000-000000000000}.Debug|Any CPU.ActiveCfg = Debug|Any CPU
		{99B7FB7B-0000-0000-0000-000000000000}.Debug|Any CPU.Build.0 = Debug|Any CPU
		{99B7FB7B-0000-0000-0000-000000000000}.Release|Any CPU.ActiveCfg = Release|Any CPU
		{99B7FB7B-0000-0000-0000-000000000000}.Release|Any CPU.Build.0 = Release|Any CPU
		{49B0B4F2-0000-0000-0000-000000000000}.Debug|Any CPU.ActiveCfg = Debug|Any CPU
		{49B0B4F2-0000-0000-0000-000000000000}.Debug|Any CPU.Build.0 = Debug|Any CPU
		{49B0B4F2-0000-0000-0000-000000000000}.Release|Any CPU.ActiveCfg = Release|Any CPU
		{49B0B4F2-0000-0000-0000-000000000000}.Release|Any CPU.Build.0 = Release|Any CPU
		{803CE61D-0000-0000-0000-000000000000}.Debug|Any CPU.ActiveCfg = Debug|Any CPU
		{803CE61D-0000-0000-0000-000000000000}.Debug|Any CPU.Build.0 = Debug|Any CPU
		{803CE61D-0000-0000-0000-000000000000}.Release|Any CPU.ActiveCfg = Release|Any CPU
		{803CE61D-0000-0000-0000-000000000000}.Release|Any CPU.Build.0 = Release|Any CPU
		{D5B8A172-0000-0000-0000-000000000000}.Debug|Any CPU.ActiveCfg = Debug|Any CPU
		{D5B8A172-0000-0000-0000-000000000000}.Debug|Any CPU.Build.0 = Debug|Any CPU
		{D5B8A172-0000-0000-0000-000000000000}.Release|Any CPU.ActiveCfg = Release|Any CPU
		{D5B8A172-0000-0000-0000-000000000000}.Release|Any CPU.Build.0 = Release|Any CPU
		{406AA161-0000-0000-0000-000000000000}.Debug|Any CPU.ActiveCfg = Debug|Any CPU
		{406AA161-0000-0000-0000-000000000000}.Debug|Any CPU.Build.0 = Debug|Any CPU
		{406AA161-0000-0000-0000-000000000000}.Release|Any CPU.ActiveCfg = Release|Any CPU
		{406AA161-0000-0000-0000-000000000000}.Release|Any CPU.Build.0 = Release|Any CPU
		{3CC10A69-0000-0000-0000-000000000000}.Debug|Any CPU.ActiveCfg = Debug|Any CPU
		{3CC10A69-0000-0000-0000-000000000000}.Debug|Any CPU.Build.0 = Debug|Any CPU
		{3CC10A69-0000-0000-0000-000000000000}.Release|Any CPU.ActiveCfg = Release|Any CPU
		{3CC10A69-0000-0000-0000-000000000000}.Release|Any CPU.Build.0 = Release|Any CPU
		{7E76E118-0000-0000-0000-000000000000}.Debug|Any CPU.ActiveCfg = Debug|Any CPU
		{7E76E118-0000-0000-0000-000000000000}.Debug|Any CPU.Build.0 = Debug|Any CPU
		{7E76E118-0000-0000-0000-000000000000}.Release|Any CPU.ActiveCfg = Release|Any CPU
		{7E76E118-0000-0000-0000-000000000000}.Release|Any CPU.Build.0 = Release|Any CPU
		{BF931303-0000-0000-0000-000000000000}.Debug|Any CPU.ActiveCfg = Debug|Any CPU
		{BF931303-0000-0000-0000-000000000000}.Debug|Any CPU.Build.0 = Debug|Any CPU
		{BF931303-0000-0000-0000-000000000000}.Release|Any CPU.ActiveCfg = Release|Any CPU
		{BF931303-0000-0000-0000-000000000000}.Release|Any CPU.Build.0 = Release|Any CPU
		{BB37C50D-0000-0000-0000-000000000000}.Debug|Any CPU.ActiveCfg = Debug|Any CPU
		{BB37C50D-0000-0000-0000-000000000000}.Debug|Any CPU.Build.0 = Debug|Any CPU
		{BB37C50D-0000-0000-0000-000000000000}.Release|Any CPU.ActiveCfg = Release|Any CPU
		{BB37C50D-0000-0000-0000-000000000000}.Release|Any CPU.Build.0 = Release|Any CPU
		{57F68E58-0000-0000-0000-000000000000}.Debug|Any CPU.ActiveCfg = Debug|Any CPU
		{57F68E58-0000-0000-0000-000000000000}.Debug|Any CPU.Build.0 = Debug|Any CPU
		{57F68E58-0000-0000-0000-000000000000}.Release|Any CPU.ActiveCfg = Release|Any CPU
		{57F68E58-0000-0000-0000-000000000000}.Release|Any CPU.Build.0 = Release|Any CPU
		{C124A5BC-0000-0000-0000-000000000000}.Debug|Any CPU.ActiveCfg = Debug|Any CPU
		{C124A5BC-0000-0000-0000-000000000000}.Debug|Any CPU.Build.0 = Debug|Any CPU
		{C124A5BC-0000-0000-0000-000000000000}.Release|Any CPU.ActiveCfg = Release|Any CPU
		{C124A5BC-0000-0000-0000-000000000000}.Release|Any CPU.Build.0 = Release|Any CPU
		{78B3E647-0000-0000-0000-000000000000}.Debug|Any CPU.ActiveCfg = Debug|Any CPU
		{78B3E647-0000-0000-0000-000000000000}.Debug|Any CPU.Build.0 = Debug|Any CPU
		{78B3E647-0000-0000-0000-000000000000}.Release|Any CPU.ActiveCfg = Release|Any CPU
		{78B3E647-0000-0000-0000-000000000000}.Release|Any CPU.Build.0 = Release|Any CPU
		{D0D6DAD9-0000-0000-0000-000000000000}.Debug|Any CPU.ActiveCfg = Debug|Any CPU
		{D0D6DAD9-0000-0000-0000-000000000000}.Debug|Any CPU.Build.0 = Debug|Any CPU
		{D0D6DAD9-0000-0000-0000-000000000000}.Release|Any CPU.ActiveCfg = Release|Any CPU
		{D0D6DAD9-0000-0000-0000-000000000000}.Release|Any CPU.Build.0 = Release|Any CPU
		{DD8A9C63-0000-0000-0000-000000000000}.Debug|Any CPU.ActiveCfg = Debug|Any CPU
		{DD8A9C63-0000-0000-0000-000000000000}.Debug|Any CPU.Build.0 = Debug|Any CPU
		{DD8A9C63-0000-0000-0000-000000000000}.Release|Any CPU.ActiveCfg = Release|Any CPU
		{DD8A9C63-0000-0000-0000-000000000000}.Release|Any CPU.Build.0 = Release|Any CPU
		{2C49E503-0000-0000-0000-000000000000}.Debug|Any CPU.ActiveCfg = Debug|Any CPU
		{2C49E503-0000-0000-0000-000000000000}.Debug|Any CPU.Build.0 = Debug|Any CPU
		{2C49E503-0000-0000-0000-000000000000}.Release|Any CPU.ActiveCfg = Release|Any CPU
		{2C49E503-0000-0000-0000-000000000000}.Release|Any CPU.Build.0 = Release|Any CPU
		{D5C77626-0000-0000-0000-000000000000}.Debug|Any CPU.ActiveCfg = Debug|Any CPU
		{D5C77626-0000-0000-0000-000000000000}.Debug|Any CPU.Build.0 = Debug|Any CPU
		{D5C77626-0000-0000-0000-000000000000}.Release|Any CPU.ActiveCfg = Release|Any CPU
		{D5C77626-0000-0000-0000-000000000000}.Release|Any CPU.Build.0 = Release|Any CPU
		{DE93F523-0000-0000-0000-000000000000}.Debug|Any CPU.ActiveCfg = Debug|Any CPU
		{DE93F523-0000-0000-0000-000000000000}.Debug|Any CPU.Build.0 = Debug|Any CPU
		{DE93F523-0000-0000-0000-000000000000}.Release|Any CPU.ActiveCfg = Release|Any CPU
		{DE93F523-0000-0000-0000-000000000000}.Release|Any CPU.Build.0 = Release|Any CPU
		{1C8E6E40-0000-0000-0000-000000000000}.Debug|Any CPU.ActiveCfg = Debug|Any CPU
		{1C8E6E40-0000-0000-0000-000000000000}.Debug|Any CPU.Build.0 = Debug|Any CPU
		{1C8E6E40-0000-0000-0000-000000000000}.Release|Any CPU.ActiveCfg = Release|Any CPU
		{1C8E6E40-0000-0000-0000-000000000000}.Release|Any CPU.Build.0 = Release|Any CPU
		{8FDBD433-0000-0000-0000-000000000000}.Debug|Any CPU.ActiveCfg = Debug|Any CPU
		{8FDBD433-0000-0000-0000-000000000000}.Debug|Any CPU.Build.0 = Debug|Any CPU
		{8FDBD433-0000-0000-0000-000000000000}.Release|Any CPU.ActiveCfg = Release|Any CPU
		{8FDBD433-0000-0000-0000-000000000000}.Release|Any CPU.Build.0 = Release|Any CPU
		{8858E623-0000-0000-0000-000000000000}.Debug|Any CPU.ActiveCfg = Debug|Any CPU
		{8858E623-0000-0000-0000-000000000000}.Debug|Any CPU.Build.0 = Debug|Any CPU
		{8858E623-0000-0000-0000-000000000000}.Release|Any CPU.ActiveCfg = Release|Any CPU
		{8858E623-0000-0000-0000-000000000000}.Release|Any CPU.Build.0 = Release|Any CPU
		{8AF9E906-0000-0000-0000-000000000000}.Debug|Any CPU.ActiveCfg = Debug|Any CPU
		{8AF9E906-0000-0000-0000-000000000000}.Debug|Any CPU.Build.0 = Debug|Any CPU
		{8AF9E906-0000-0000-0000-000000000000}.Release|Any CPU.ActiveCfg = Release|Any CPU
		{8AF9E906-0000-0000-0000-000000000000}.Release|Any CPU.Build.0 = Release|Any CPU
		{DFA86F0A-0000-0000-0000-000000000000}.Debug|Any CPU.ActiveCfg = Debug|Any CPU
		{DFA86F0A-0000-0000-0000-000000000000}.Debug|Any CPU.Build.0 = Debug|Any CPU
		{DFA86F0A-0000-0000-0000-000000000000}.Release|Any CPU.ActiveCfg = Release|Any CPU
		{DFA86F0A-0000-0000-0000-000000000000}.Release|Any CPU.Build.0 = Release|Any CPU
		{3FEA0BD4-0000-0000-0000-000000000000}.Debug|Any CPU.ActiveCfg = Debug|Any CPU
		{3FEA0BD4-0000-0000-0000-000000000000}.Debug|Any CPU.Build.0 = Debug|Any CPU
		{3FEA0BD4-0000-0000-0000-000000000000}.Release|Any CPU.ActiveCfg = Release|Any CPU
		{3FEA0BD4-0000-0000-0000-000000000000}.Release|Any CPU.Build.0 = Release|Any CPU
		{CCB1D727-0000-0000-0000-000000000000}.Debug|Any CPU.ActiveCfg = Debug|Any CPU
		{CCB1D727-0000-0000-0000-000000000000}.Debug|Any CPU.Build.0 = Debug|Any CPU
		{CCB1D727-0000-0000-0000-000000000000}.Release|Any CPU.ActiveCfg = Release|Any CPU
		{CCB1D727-0000-0000-0000-000000000000}.Release|Any CPU.Build.0 = Release|Any CPU
		{12373CD9-0000-0000-0000-000000000000}.Debug|Any CPU.ActiveCfg = Debug|Any CPU
		{12373CD9-0000-0000-0000-000000000000}.Debug|Any CPU.Build.0 = Debug|Any CPU
		{12373CD9-0000-0000-0000-000000000000}.Release|Any CPU.ActiveCfg = Release|Any CPU
		{12373CD9-0000-0000-0000-000000000000}.Release|Any CPU.Build.0 = Release|Any CPU
		{58872F7B-0000-0000-0000-000000000000}.Debug|Any CPU.ActiveCfg = Debug|Any CPU
		{58872F7B-0000-0000-0000-000000000000}.Debug|Any CPU.Build.0 = Debug|Any CPU
		{58872F7B-0000-0000-0000-000000000000}.Release|Any CPU.ActiveCfg = Release|Any CPU
		{58872F7B-0000-0000-0000-000000000000}.Release|Any CPU.Build.0 = Release|Any CPU
		{66483E17-0000-0000-0000-000000000000}.Debug|Any CPU.ActiveCfg = Debug|Any CPU
		{66483E17-0000-0000-0000-000000000000}.Debug|Any CPU.Build.0 = Debug|Any CPU
		{66483E17-0000-0000-0000-000000000000}.Release|Any CPU.ActiveCfg = Release|Any CPU
		{66483E17-0000-0000-0000-000000000000}.Release|Any CPU.Build.0 = Release|Any CPU
		{070F0ECA-0000-0000-0000-000000000000}.Debug|Any CPU.ActiveCfg = Debug|Any CPU
		{070F0ECA-0000-0000-0000-000000000000}.Debug|Any CPU.Build.0 = Debug|Any CPU
		{070F0ECA-0000-0000-0000-000000000000}.Release|Any CPU.ActiveCfg = Release|Any CPU
		{070F0ECA-0000-0000-0000-000000000000}.Release|Any CPU.Build.0 = Release|Any CPU
		{95A2E264-0000-0000-0000-000000000000}.Debug|Any CPU.ActiveCfg = Debug|Any CPU
		{95A2E264-0000-0000-0000-000000000000}.Debug|Any CPU.Build.0 = Debug|Any CPU
		{95A2E264-0000-0000-0000-000000000000}.Release|Any CPU.ActiveCfg = Release|Any CPU
		{95A2E264-0000-0000-0000-000000000000}.Release|Any CPU.Build.0 = Release|Any CPU
		{1F6D0080-0000-0000-0000-000000000000}.Debug|Any CPU.ActiveCfg = Debug|Any CPU
		{1F6D0080-0000-0000-0000-000000000000}.Debug|Any CPU.Build.0 = Debug|Any CPU
		{1F6D0080-0000-0000-0000-000000000000}.Release|Any CPU.ActiveCfg = Release|Any CPU
		{1F6D0080-0000-0000-0000-000000000000}.Release|Any CPU.Build.0 = Release|Any CPU
		{916B144E-0000-0000-0000-000000000000}.Debug|Any CPU.ActiveCfg = Debug|Any CPU
		{916B144E-0000-0000-0000-000000000000}.Debug|Any CPU.Build.0 = Debug|Any CPU
		{916B144E-0000-0000-0000-000000000000}.Release|Any CPU.ActiveCfg = Release|Any CPU
		{916B144E-0000-0000-0000-000000000000}.Release|Any CPU.Build.0 = Release|Any CPU
		{306A4233-0000-0000-0000-000000000000}.Debug|Any CPU.ActiveCfg = Debug|Any CPU
		{306A4233-0000-0000-0000-000000000000}.Debug|Any CPU.Build.0 = Debug|Any CPU
		{306A4233-0000-0000-0000-000000000000}.Release|Any CPU.ActiveCfg = Release|Any CPU
		{306A4233-0000-0000-0000-000000000000}.Release|Any CPU.Build.0 = Release|Any CPU
		{A9B57877-0000-0000-0000-000000000000}.Debug|Any CPU.ActiveCfg = Debug|Any CPU
		{A9B57877-0000-0000-0000-000000000000}.Debug|Any CPU.Build.0 = Debug|Any CPU
		{A9B57877-0000-0000-0000-000000000000}.Release|Any CPU.ActiveCfg = Release|Any CPU
		{A9B57877-0000-0000-0000-000000000000}.Release|Any CPU.Build.0 = Release|Any CPU
		{2E1630EF-0000-0000-0000-000000000000}.Debug|Any CPU.ActiveCfg = Debug|Any CPU
		{2E1630EF-0000-0000-0000-000000000000}.Debug|Any CPU.Build.0 = Debug|Any CPU
		{2E1630EF-0000-0000-0000-000000000000}.Release|Any CPU.ActiveCfg = Release|Any CPU
		{2E1630EF-0000-0000-0000-000000000000}.Release|Any CPU.Build.0 = Release|Any CPU
		{95D6C25E-0000-0000-0000-000000000000}.Debug|Any CPU.ActiveCfg = Debug|Any CPU
		{95D6C25E-0000-0000-0000-000000000000}.Debug|Any CPU.Build.0 = Debug|Any CPU
		{95D6C25E-0000-0000-0000-000000000000}.Release|Any CPU.ActiveCfg = Release|Any CPU
		{95D6C25E-0000-0000-0000-000000000000}.Release|Any CPU.Build.0 = Release|Any CPU
		{224A797B-0000-0000-0000-000000000000}.Debug|Any CPU.ActiveCfg = Debug|Any CPU
		{224A797B-0000-0000-0000-000000000000}.Debug|Any CPU.Build.0 = Debug|Any CPU
		{224A797B-0000-0000-0000-000000000000}.Release|Any CPU.ActiveCfg = Release|Any CPU
		{224A797B-0000-0000-0000-000000000000}.Release|Any CPU.Build.0 = Release|Any CPU
		{7A8A249F-0000-0000-0000-000000000000}.Debug|Any CPU.ActiveCfg = Debug|Any CPU
		{7A8A249F-0000-0000-0000-000000000000}.Debug|Any CPU.Build.0 = Debug|Any CPU
		{7A8A249F-0000-0000-0000-000000000000}.Release|Any CPU.ActiveCfg = Release|Any CPU
		{7A8A249F-0000-0000-0000-000000000000}.Release|Any CPU.Build.0 = Release|Any CPU
		{3D874DE5-0000-0000-0000-000000000000}.Debug|Any CPU.ActiveCfg = Debug|Any CPU
		{3D874DE5-0000-0000-0000-000000000000}.Debug|Any CPU.Build.0 = Debug|Any CPU
		{3D874DE5-0000-0000-0000-000000000000}.Release|Any CPU.ActiveCfg = Release|Any CPU
		{3D874DE5-0000-0000-0000-000000000000}.Release|Any CPU.Build.0 = Release|Any CPU
	EndGlobalSection
EndGlobal
